// !$*UTF8*$!
{
	archiveVersion = 1;
	classes = {
	};
	objectVersion = 46;
	objects = {

/* Begin PBXBuildFile section */
		204229253C6CD1A1680E7A9F /* libPods-TRZXBusinessPlanTests.a in Frameworks */ = {isa = PBXBuildFile; fileRef = 4E9398B750F7B764E3B129F6 /* libPods-TRZXBusinessPlanTests.a */; };
		76B547FF1E5D67B800847D6C /* main.m in Sources */ = {isa = PBXBuildFile; fileRef = 76B547FE1E5D67B800847D6C /* main.m */; };
		76B548021E5D67B800847D6C /* AppDelegate.m in Sources */ = {isa = PBXBuildFile; fileRef = 76B548011E5D67B800847D6C /* AppDelegate.m */; };
		76B548051E5D67B800847D6C /* ViewController.m in Sources */ = {isa = PBXBuildFile; fileRef = 76B548041E5D67B800847D6C /* ViewController.m */; };
		76B5480A1E5D67B800847D6C /* Assets.xcassets in Resources */ = {isa = PBXBuildFile; fileRef = 76B548091E5D67B800847D6C /* Assets.xcassets */; };
		76B5480D1E5D67B800847D6C /* LaunchScreen.storyboard in Resources */ = {isa = PBXBuildFile; fileRef = 76B5480B1E5D67B800847D6C /* LaunchScreen.storyboard */; };
		76B548181E5D67B800847D6C /* TRZXBusinessPlanTests.m in Sources */ = {isa = PBXBuildFile; fileRef = 76B548171E5D67B800847D6C /* TRZXBusinessPlanTests.m */; };
		76B548231E5D67B800847D6C /* TRZXBusinessPlanUITests.m in Sources */ = {isa = PBXBuildFile; fileRef = 76B548221E5D67B800847D6C /* TRZXBusinessPlanUITests.m */; };
		76B548381E5D692500847D6C /* KipoMyBusinessPlanViewController.m in Sources */ = {isa = PBXBuildFile; fileRef = 76B548371E5D692500847D6C /* KipoMyBusinessPlanViewController.m */; };
		76B5483B1E5D699600847D6C /* KipoMyBusinessPlanViewModel.m in Sources */ = {isa = PBXBuildFile; fileRef = 76B5483A1E5D699600847D6C /* KipoMyBusinessPlanViewModel.m */; };
		76B5486A1E5D6CA800847D6C /* BPLableMonle.m in Sources */ = {isa = PBXBuildFile; fileRef = 76B548591E5D6CA800847D6C /* BPLableMonle.m */; };
		76B5486B1E5D6CA800847D6C /* NewBPBusinessModel.m in Sources */ = {isa = PBXBuildFile; fileRef = 76B5485B1E5D6CA800847D6C /* NewBPBusinessModel.m */; };
		76B5486C1E5D6CA800847D6C /* NewBPCoreTeamModel.m in Sources */ = {isa = PBXBuildFile; fileRef = 76B5485D1E5D6CA800847D6C /* NewBPCoreTeamModel.m */; };
		76B5486D1E5D6CA800847D6C /* NewBPMarketAnalysisModel.m in Sources */ = {isa = PBXBuildFile; fileRef = 76B5485F1E5D6CA800847D6C /* NewBPMarketAnalysisModel.m */; };
		76B5486E1E5D6CA800847D6C /* NewBPMoneyPlanModel.m in Sources */ = {isa = PBXBuildFile; fileRef = 76B548611E5D6CA800847D6C /* NewBPMoneyPlanModel.m */; };
		76B5486F1E5D6CA800847D6C /* NewBPProjectAbsModel.m in Sources */ = {isa = PBXBuildFile; fileRef = 76B548631E5D6CA800847D6C /* NewBPProjectAbsModel.m */; };
		76B548701E5D6CA800847D6C /* NewBPProjectProgressModel.m in Sources */ = {isa = PBXBuildFile; fileRef = 76B548651E5D6CA800847D6C /* NewBPProjectProgressModel.m */; };
		76B548711E5D6CA800847D6C /* NewBPTeamMemberModel.m in Sources */ = {isa = PBXBuildFile; fileRef = 76B548671E5D6CA800847D6C /* NewBPTeamMemberModel.m */; };
		76B548721E5D6CA800847D6C /* NewMyBPTeamMerberModel.m in Sources */ = {isa = PBXBuildFile; fileRef = 76B548691E5D6CA800847D6C /* NewMyBPTeamMerberModel.m */; };
		76B548751E5D6CD600847D6C /* BPNewMyProjectModel.m in Sources */ = {isa = PBXBuildFile; fileRef = 76B548741E5D6CD600847D6C /* BPNewMyProjectModel.m */; };
		76B548A21E5D6D5800847D6C /* BPCoreTeamMessageCellTableViewCell.m in Sources */ = {isa = PBXBuildFile; fileRef = 76B548781E5D6D5800847D6C /* BPCoreTeamMessageCellTableViewCell.m */; };
		76B548A31E5D6D5800847D6C /* BPCoreTeamMessageCellTableViewCell.xib in Resources */ = {isa = PBXBuildFile; fileRef = 76B548791E5D6D5800847D6C /* BPCoreTeamMessageCellTableViewCell.xib */; };
		76B548A41E5D6D5800847D6C /* CTTeamTableViewCell.m in Sources */ = {isa = PBXBuildFile; fileRef = 76B5487B1E5D6D5800847D6C /* CTTeamTableViewCell.m */; };
		76B548A51E5D6D5800847D6C /* CTTeamTableViewCell.xib in Resources */ = {isa = PBXBuildFile; fileRef = 76B5487C1E5D6D5800847D6C /* CTTeamTableViewCell.xib */; };
		76B548A61E5D6D5800847D6C /* FinancingSourceTableViewCell.m in Sources */ = {isa = PBXBuildFile; fileRef = 76B5487F1E5D6D5800847D6C /* FinancingSourceTableViewCell.m */; };
		76B548A71E5D6D5800847D6C /* FinancingSourceTableViewCell.xib in Resources */ = {isa = PBXBuildFile; fileRef = 76B548801E5D6D5800847D6C /* FinancingSourceTableViewCell.xib */; };
		76B548A81E5D6D5800847D6C /* FinancingSourceTwoTableViewCell.m in Sources */ = {isa = PBXBuildFile; fileRef = 76B548821E5D6D5800847D6C /* FinancingSourceTwoTableViewCell.m */; };
		76B548A91E5D6D5800847D6C /* FinancingSourceTwoTableViewCell.xib in Resources */ = {isa = PBXBuildFile; fileRef = 76B548831E5D6D5800847D6C /* FinancingSourceTwoTableViewCell.xib */; };
		76B548AA1E5D6D5800847D6C /* BPProjectCommentTableViewCell.m in Sources */ = {isa = PBXBuildFile; fileRef = 76B548861E5D6D5800847D6C /* BPProjectCommentTableViewCell.m */; };
		76B548AB1E5D6D5800847D6C /* BPProjectCommentTableViewCell.xib in Resources */ = {isa = PBXBuildFile; fileRef = 76B548871E5D6D5800847D6C /* BPProjectCommentTableViewCell.xib */; };
		76B548AC1E5D6D5800847D6C /* BPSelectInfoTableViewCell.m in Sources */ = {isa = PBXBuildFile; fileRef = 76B548891E5D6D5800847D6C /* BPSelectInfoTableViewCell.m */; };
		76B548AD1E5D6D5800847D6C /* BPSelectInfoTableViewCell.xib in Resources */ = {isa = PBXBuildFile; fileRef = 76B5488A1E5D6D5800847D6C /* BPSelectInfoTableViewCell.xib */; };
		76B548AE1E5D6D5800847D6C /* BPTradeInfoCollectionViewCell.m in Sources */ = {isa = PBXBuildFile; fileRef = 76B5488C1E5D6D5800847D6C /* BPTradeInfoCollectionViewCell.m */; };
		76B548AF1E5D6D5800847D6C /* BPTradeInfoCollectionViewCell.xib in Resources */ = {isa = PBXBuildFile; fileRef = 76B5488D1E5D6D5800847D6C /* BPTradeInfoCollectionViewCell.xib */; };
		76B548B01E5D6D5800847D6C /* BPProFirstTableViewCell.m in Sources */ = {isa = PBXBuildFile; fileRef = 76B548901E5D6D5800847D6C /* BPProFirstTableViewCell.m */; };
		76B548B11E5D6D5800847D6C /* BPProSecondsTableViewCell.m in Sources */ = {isa = PBXBuildFile; fileRef = 76B548921E5D6D5800847D6C /* BPProSecondsTableViewCell.m */; };
		76B548B21E5D6D5800847D6C /* BPProSecondsTableViewCell.xib in Resources */ = {isa = PBXBuildFile; fileRef = 76B548931E5D6D5800847D6C /* BPProSecondsTableViewCell.xib */; };
		76B548B31E5D6D5800847D6C /* BPBussinessFlowFlagTableViewCell.m in Sources */ = {isa = PBXBuildFile; fileRef = 76B548951E5D6D5800847D6C /* BPBussinessFlowFlagTableViewCell.m */; };
		76B548B41E5D6D5800847D6C /* BPBussinessFlowFlagTableViewCell.xib in Resources */ = {isa = PBXBuildFile; fileRef = 76B548961E5D6D5800847D6C /* BPBussinessFlowFlagTableViewCell.xib */; };
		76B548B51E5D6D5800847D6C /* BPPhotoShowMsgTableViewCell.m in Sources */ = {isa = PBXBuildFile; fileRef = 76B548981E5D6D5800847D6C /* BPPhotoShowMsgTableViewCell.m */; };
		76B548B61E5D6D5800847D6C /* BPPhotoShowMsgTableViewCell.xib in Resources */ = {isa = PBXBuildFile; fileRef = 76B548991E5D6D5800847D6C /* BPPhotoShowMsgTableViewCell.xib */; };
		76B548B71E5D6D5800847D6C /* BussinessPlanStatusTableViewCell.m in Sources */ = {isa = PBXBuildFile; fileRef = 76B5489B1E5D6D5800847D6C /* BussinessPlanStatusTableViewCell.m */; };
		76B548B81E5D6D5800847D6C /* BussinessPlanStatusTableViewCell.xib in Resources */ = {isa = PBXBuildFile; fileRef = 76B5489C1E5D6D5800847D6C /* BussinessPlanStatusTableViewCell.xib */; };
		76B548B91E5D6D5800847D6C /* MyBusinessFooterView.m in Sources */ = {isa = PBXBuildFile; fileRef = 76B5489E1E5D6D5800847D6C /* MyBusinessFooterView.m */; };
		76B548BA1E5D6D5800847D6C /* MyBusinessListTableViewCell.m in Sources */ = {isa = PBXBuildFile; fileRef = 76B548A01E5D6D5800847D6C /* MyBusinessListTableViewCell.m */; };
		76B548BB1E5D6D5800847D6C /* MyBusinessListTableViewCell.xib in Resources */ = {isa = PBXBuildFile; fileRef = 76B548A11E5D6D5800847D6C /* MyBusinessListTableViewCell.xib */; };
		76B548BE1E5D6DDC00847D6C /* BusinessMemoryCacheTool.m in Sources */ = {isa = PBXBuildFile; fileRef = 76B548BD1E5D6DDC00847D6C /* BusinessMemoryCacheTool.m */; };
		76B548C11E5D710600847D6C /* UIView+BPFrame.m in Sources */ = {isa = PBXBuildFile; fileRef = 76B548C01E5D710600847D6C /* UIView+BPFrame.m */; };
		76B548C41E5D745600847D6C /* BPBaseViewController.m in Sources */ = {isa = PBXBuildFile; fileRef = 76B548C31E5D745600847D6C /* BPBaseViewController.m */; };
		76B548C61E5D773200847D6C /* business_back.png in Resources */ = {isa = PBXBuildFile; fileRef = 76B548C51E5D773200847D6C /* business_back.png */; };
		76B548C91E5D818600847D6C /* ProjectManagementViewController.m in Sources */ = {isa = PBXBuildFile; fileRef = 76B548C81E5D818600847D6C /* ProjectManagementViewController.m */; };
		76B548CC1E5D821D00847D6C /* BPProjectMsgCell.m in Sources */ = {isa = PBXBuildFile; fileRef = 76B548CB1E5D821D00847D6C /* BPProjectMsgCell.m */; };
		76B548CE1E5D826100847D6C /* BPProjectMsgCell.xib in Resources */ = {isa = PBXBuildFile; fileRef = 76B548CD1E5D826100847D6C /* BPProjectMsgCell.xib */; };
		76B548D11E5D836100847D6C /* BPTagCollectionLayout.h.m in Sources */ = {isa = PBXBuildFile; fileRef = 76B548D01E5D836100847D6C /* BPTagCollectionLayout.h.m */; };
		76B549721E5E7AAA00847D6C /* MarketAnalysisViewController.m in Sources */ = {isa = PBXBuildFile; fileRef = 76B549711E5E7AAA00847D6C /* MarketAnalysisViewController.m */; };
		76B549751E5E7C1300847D6C /* BusinessSimulationViewController.m in Sources */ = {isa = PBXBuildFile; fileRef = 76B549741E5E7C1300847D6C /* BusinessSimulationViewController.m */; };
		76B549B61E5E7D4600847D6C /* AJGradientView.m in Sources */ = {isa = PBXBuildFile; fileRef = 76B5499E1E5E7D4600847D6C /* AJGradientView.m */; };
		76B549B71E5E7D4600847D6C /* AJPhotoGroupCell.m in Sources */ = {isa = PBXBuildFile; fileRef = 76B549A01E5E7D4600847D6C /* AJPhotoGroupCell.m */; };
		76B549B81E5E7D4600847D6C /* AJPhotoGroupView.m in Sources */ = {isa = PBXBuildFile; fileRef = 76B549A21E5E7D4600847D6C /* AJPhotoGroupView.m */; };
		76B549B91E5E7D4600847D6C /* AJPhotoListCell.m in Sources */ = {isa = PBXBuildFile; fileRef = 76B549A41E5E7D4600847D6C /* AJPhotoListCell.m */; };
		76B549BA1E5E7D4600847D6C /* AJPhotoListCellTapView.m in Sources */ = {isa = PBXBuildFile; fileRef = 76B549A61E5E7D4600847D6C /* AJPhotoListCellTapView.m */; };
		76B549BB1E5E7D4600847D6C /* AJPhotoListView.m in Sources */ = {isa = PBXBuildFile; fileRef = 76B549A81E5E7D4600847D6C /* AJPhotoListView.m */; };
		76B549BC1E5E7D4600847D6C /* AJPhotoPickerViewController.m in Sources */ = {isa = PBXBuildFile; fileRef = 76B549AA1E5E7D4600847D6C /* AJPhotoPickerViewController.m */; };
		76B549BD1E5E7D4600847D6C /* BoPhotoPicker.bundle in Resources */ = {isa = PBXBuildFile; fileRef = 76B549AB1E5E7D4600847D6C /* BoPhotoPicker.bundle */; };
		76B549BE1E5E7D4600847D6C /* AJPhotoBrowserViewController.m in Sources */ = {isa = PBXBuildFile; fileRef = 76B549AF1E5E7D4600847D6C /* AJPhotoBrowserViewController.m */; };
		76B549BF1E5E7D4600847D6C /* AJPhotoTapDetectingImageView.m in Sources */ = {isa = PBXBuildFile; fileRef = 76B549B11E5E7D4600847D6C /* AJPhotoTapDetectingImageView.m */; };
		76B549C01E5E7D4600847D6C /* AJPhotoZoomingScrollView.m in Sources */ = {isa = PBXBuildFile; fileRef = 76B549B31E5E7D4600847D6C /* AJPhotoZoomingScrollView.m */; };
		76B549C11E5E7D4600847D6C /* AJTapDetectingView.m in Sources */ = {isa = PBXBuildFile; fileRef = 76B549B51E5E7D4600847D6C /* AJTapDetectingView.m */; };
		76B549C41E5E841300847D6C /* FinancialPlansViewController.m in Sources */ = {isa = PBXBuildFile; fileRef = 76B549C31E5E841300847D6C /* FinancialPlansViewController.m */; };
		76B549C71E5E851700847D6C /* BPCityMode.m in Sources */ = {isa = PBXBuildFile; fileRef = 76B549C61E5E851700847D6C /* BPCityMode.m */; };
		76B549CD1E5E85B000847D6C /* CoreTeamViewController.m in Sources */ = {isa = PBXBuildFile; fileRef = 76B549CB1E5E85B000847D6C /* CoreTeamViewController.m */; };
		76B549D01E5E861800847D6C /* BSAddNewTeamViewController.m in Sources */ = {isa = PBXBuildFile; fileRef = 76B549CF1E5E861800847D6C /* BSAddNewTeamViewController.m */; };
		76B549D41E5E865700847D6C /* BPAddMemberCell2.m in Sources */ = {isa = PBXBuildFile; fileRef = 76B549D21E5E865700847D6C /* BPAddMemberCell2.m */; };
		76B549D51E5E865700847D6C /* BPAddMemberCell2.xib in Resources */ = {isa = PBXBuildFile; fileRef = 76B549D31E5E865700847D6C /* BPAddMemberCell2.xib */; };
		76B549D91E5E867A00847D6C /* BPButtonTableViewCell.m in Sources */ = {isa = PBXBuildFile; fileRef = 76B549D71E5E867A00847D6C /* BPButtonTableViewCell.m */; };
		76B549DA1E5E867A00847D6C /* BPButtonTableViewCell.xib in Resources */ = {isa = PBXBuildFile; fileRef = 76B549D81E5E867A00847D6C /* BPButtonTableViewCell.xib */; };
		76B549E21E5E87F200847D6C /* MyBussinessFinalViewController.m in Sources */ = {isa = PBXBuildFile; fileRef = 76B549E11E5E87F200847D6C /* MyBussinessFinalViewController.m */; };
		76B549E61E5E883F00847D6C /* BPProjectAlertView.m in Sources */ = {isa = PBXBuildFile; fileRef = 76B549E41E5E883F00847D6C /* BPProjectAlertView.m */; };
		76B549E71E5E883F00847D6C /* BPProjectAlertView.xib in Resources */ = {isa = PBXBuildFile; fileRef = 76B549E51E5E883F00847D6C /* BPProjectAlertView.xib */; };
		76B549EA1E5E88A400847D6C /* UIView+BPAlertViewProject.m in Sources */ = {isa = PBXBuildFile; fileRef = 76B549E91E5E88A400847D6C /* UIView+BPAlertViewProject.m */; };
		76B549ED1E5E892F00847D6C /* ProjectProgressViewController.m in Sources */ = {isa = PBXBuildFile; fileRef = 76B549EC1E5E892F00847D6C /* ProjectProgressViewController.m */; };
		76B549F01E5E894100847D6C /* BPProShowViewController.m in Sources */ = {isa = PBXBuildFile; fileRef = 76B549EF1E5E894100847D6C /* BPProShowViewController.m */; };
		76B549F41E5E89FD00847D6C /* BPProjectDynamicCell1.m in Sources */ = {isa = PBXBuildFile; fileRef = 76B549F21E5E89FD00847D6C /* BPProjectDynamicCell1.m */; };
		76B549F51E5E89FD00847D6C /* BPProjectDynamicCell1.xib in Resources */ = {isa = PBXBuildFile; fileRef = 76B549F31E5E89FD00847D6C /* BPProjectDynamicCell1.xib */; };
		76B549F91E5E8A1200847D6C /* BPProjectDynamicCell2.m in Sources */ = {isa = PBXBuildFile; fileRef = 76B549F71E5E8A1200847D6C /* BPProjectDynamicCell2.m */; };
		76B549FA1E5E8A1200847D6C /* BPProjectDynamicCell2.xib in Resources */ = {isa = PBXBuildFile; fileRef = 76B549F81E5E8A1200847D6C /* BPProjectDynamicCell2.xib */; };
		76B549FD1E5E8A3300847D6C /* BPAddNewThinkViewController.m in Sources */ = {isa = PBXBuildFile; fileRef = 76B549FC1E5E8A3300847D6C /* BPAddNewThinkViewController.m */; };
		76B54A011E5E8A9800847D6C /* BPProjectMsgCell2.m in Sources */ = {isa = PBXBuildFile; fileRef = 76B549FF1E5E8A9800847D6C /* BPProjectMsgCell2.m */; };
		76B54A021E5E8A9800847D6C /* BPProjectMsgCell2.xib in Resources */ = {isa = PBXBuildFile; fileRef = 76B54A001E5E8A9800847D6C /* BPProjectMsgCell2.xib */; };
		76B54A061E5E931E00847D6C /* bp_addPhoto@2x.png in Resources */ = {isa = PBXBuildFile; fileRef = 76B54A031E5E931E00847D6C /* bp_addPhoto@2x.png */; };
		76B54A071E5E931E00847D6C /* bp_arrow.png in Resources */ = {isa = PBXBuildFile; fileRef = 76B54A041E5E931E00847D6C /* bp_arrow.png */; };
		76B54A081E5E931E00847D6C /* bp_redpoint.png in Resources */ = {isa = PBXBuildFile; fileRef = 76B54A051E5E931E00847D6C /* bp_redpoint.png */; };
		B2C02EF00EE95672FE3203DF /* libPods-TRZXBusinessPlanUITests.a in Frameworks */ = {isa = PBXBuildFile; fileRef = 130037715055EEF01985EA9F /* libPods-TRZXBusinessPlanUITests.a */; };
		DAEB48F09CB01B8E6B24A372 /* libPods-TRZXBusinessPlan.a in Frameworks */ = {isa = PBXBuildFile; fileRef = D0ED766540383D19484B0704 /* libPods-TRZXBusinessPlan.a */; };
/* End PBXBuildFile section */

/* Begin PBXContainerItemProxy section */
		76B548141E5D67B800847D6C /* PBXContainerItemProxy */ = {
			isa = PBXContainerItemProxy;
			containerPortal = 76B547F21E5D67B800847D6C /* Project object */;
			proxyType = 1;
			remoteGlobalIDString = 76B547F91E5D67B800847D6C;
			remoteInfo = TRZXBusinessPlan;
		};
		76B5481F1E5D67B800847D6C /* PBXContainerItemProxy */ = {
			isa = PBXContainerItemProxy;
			containerPortal = 76B547F21E5D67B800847D6C /* Project object */;
			proxyType = 1;
			remoteGlobalIDString = 76B547F91E5D67B800847D6C;
			remoteInfo = TRZXBusinessPlan;
		};
/* End PBXContainerItemProxy section */

/* Begin PBXFileReference section */
		130037715055EEF01985EA9F /* libPods-TRZXBusinessPlanUITests.a */ = {isa = PBXFileReference; explicitFileType = archive.ar; includeInIndex = 0; path = "libPods-TRZXBusinessPlanUITests.a"; sourceTree = BUILT_PRODUCTS_DIR; };
		4E9398B750F7B764E3B129F6 /* libPods-TRZXBusinessPlanTests.a */ = {isa = PBXFileReference; explicitFileType = archive.ar; includeInIndex = 0; path = "libPods-TRZXBusinessPlanTests.a"; sourceTree = BUILT_PRODUCTS_DIR; };
		756C9A9CF31858821D2F9359 /* Pods-TRZXBusinessPlanUITests.debug.xcconfig */ = {isa = PBXFileReference; includeInIndex = 1; lastKnownFileType = text.xcconfig; name = "Pods-TRZXBusinessPlanUITests.debug.xcconfig"; path = "Pods/Target Support Files/Pods-TRZXBusinessPlanUITests/Pods-TRZXBusinessPlanUITests.debug.xcconfig"; sourceTree = "<group>"; };
		76B547FA1E5D67B800847D6C /* TRZXBusinessPlan.app */ = {isa = PBXFileReference; explicitFileType = wrapper.application; includeInIndex = 0; path = TRZXBusinessPlan.app; sourceTree = BUILT_PRODUCTS_DIR; };
		76B547FE1E5D67B800847D6C /* main.m */ = {isa = PBXFileReference; lastKnownFileType = sourcecode.c.objc; path = main.m; sourceTree = "<group>"; };
		76B548001E5D67B800847D6C /* AppDelegate.h */ = {isa = PBXFileReference; lastKnownFileType = sourcecode.c.h; path = AppDelegate.h; sourceTree = "<group>"; };
		76B548011E5D67B800847D6C /* AppDelegate.m */ = {isa = PBXFileReference; lastKnownFileType = sourcecode.c.objc; path = AppDelegate.m; sourceTree = "<group>"; };
		76B548031E5D67B800847D6C /* ViewController.h */ = {isa = PBXFileReference; lastKnownFileType = sourcecode.c.h; path = ViewController.h; sourceTree = "<group>"; };
		76B548041E5D67B800847D6C /* ViewController.m */ = {isa = PBXFileReference; lastKnownFileType = sourcecode.c.objc; path = ViewController.m; sourceTree = "<group>"; };
		76B548091E5D67B800847D6C /* Assets.xcassets */ = {isa = PBXFileReference; lastKnownFileType = folder.assetcatalog; path = Assets.xcassets; sourceTree = "<group>"; };
		76B5480C1E5D67B800847D6C /* Base */ = {isa = PBXFileReference; lastKnownFileType = file.storyboard; name = Base; path = Base.lproj/LaunchScreen.storyboard; sourceTree = "<group>"; };
		76B5480E1E5D67B800847D6C /* Info.plist */ = {isa = PBXFileReference; lastKnownFileType = text.plist.xml; path = Info.plist; sourceTree = "<group>"; };
		76B548131E5D67B800847D6C /* TRZXBusinessPlanTests.xctest */ = {isa = PBXFileReference; explicitFileType = wrapper.cfbundle; includeInIndex = 0; path = TRZXBusinessPlanTests.xctest; sourceTree = BUILT_PRODUCTS_DIR; };
		76B548171E5D67B800847D6C /* TRZXBusinessPlanTests.m */ = {isa = PBXFileReference; lastKnownFileType = sourcecode.c.objc; path = TRZXBusinessPlanTests.m; sourceTree = "<group>"; };
		76B548191E5D67B800847D6C /* Info.plist */ = {isa = PBXFileReference; lastKnownFileType = text.plist.xml; path = Info.plist; sourceTree = "<group>"; };
		76B5481E1E5D67B800847D6C /* TRZXBusinessPlanUITests.xctest */ = {isa = PBXFileReference; explicitFileType = wrapper.cfbundle; includeInIndex = 0; path = TRZXBusinessPlanUITests.xctest; sourceTree = BUILT_PRODUCTS_DIR; };
		76B548221E5D67B800847D6C /* TRZXBusinessPlanUITests.m */ = {isa = PBXFileReference; lastKnownFileType = sourcecode.c.objc; path = TRZXBusinessPlanUITests.m; sourceTree = "<group>"; };
		76B548241E5D67B800847D6C /* Info.plist */ = {isa = PBXFileReference; lastKnownFileType = text.plist.xml; path = Info.plist; sourceTree = "<group>"; };
		76B548361E5D692500847D6C /* KipoMyBusinessPlanViewController.h */ = {isa = PBXFileReference; fileEncoding = 4; lastKnownFileType = sourcecode.c.h; path = KipoMyBusinessPlanViewController.h; sourceTree = "<group>"; };
		76B548371E5D692500847D6C /* KipoMyBusinessPlanViewController.m */ = {isa = PBXFileReference; fileEncoding = 4; lastKnownFileType = sourcecode.c.objc; path = KipoMyBusinessPlanViewController.m; sourceTree = "<group>"; };
		76B548391E5D699600847D6C /* KipoMyBusinessPlanViewModel.h */ = {isa = PBXFileReference; fileEncoding = 4; lastKnownFileType = sourcecode.c.h; path = KipoMyBusinessPlanViewModel.h; sourceTree = "<group>"; };
		76B5483A1E5D699600847D6C /* KipoMyBusinessPlanViewModel.m */ = {isa = PBXFileReference; fileEncoding = 4; lastKnownFileType = sourcecode.c.objc; path = KipoMyBusinessPlanViewModel.m; sourceTree = "<group>"; };
		76B548571E5D6C0C00847D6C /* TRZXBusinessPlanHeader.h */ = {isa = PBXFileReference; lastKnownFileType = sourcecode.c.h; path = TRZXBusinessPlanHeader.h; sourceTree = "<group>"; };
		76B548581E5D6CA800847D6C /* BPLableMonle.h */ = {isa = PBXFileReference; fileEncoding = 4; lastKnownFileType = sourcecode.c.h; path = BPLableMonle.h; sourceTree = "<group>"; };
		76B548591E5D6CA800847D6C /* BPLableMonle.m */ = {isa = PBXFileReference; fileEncoding = 4; lastKnownFileType = sourcecode.c.objc; path = BPLableMonle.m; sourceTree = "<group>"; };
		76B5485A1E5D6CA800847D6C /* NewBPBusinessModel.h */ = {isa = PBXFileReference; fileEncoding = 4; lastKnownFileType = sourcecode.c.h; path = NewBPBusinessModel.h; sourceTree = "<group>"; };
		76B5485B1E5D6CA800847D6C /* NewBPBusinessModel.m */ = {isa = PBXFileReference; fileEncoding = 4; lastKnownFileType = sourcecode.c.objc; path = NewBPBusinessModel.m; sourceTree = "<group>"; };
		76B5485C1E5D6CA800847D6C /* NewBPCoreTeamModel.h */ = {isa = PBXFileReference; fileEncoding = 4; lastKnownFileType = sourcecode.c.h; path = NewBPCoreTeamModel.h; sourceTree = "<group>"; };
		76B5485D1E5D6CA800847D6C /* NewBPCoreTeamModel.m */ = {isa = PBXFileReference; fileEncoding = 4; lastKnownFileType = sourcecode.c.objc; path = NewBPCoreTeamModel.m; sourceTree = "<group>"; };
		76B5485E1E5D6CA800847D6C /* NewBPMarketAnalysisModel.h */ = {isa = PBXFileReference; fileEncoding = 4; lastKnownFileType = sourcecode.c.h; path = NewBPMarketAnalysisModel.h; sourceTree = "<group>"; };
		76B5485F1E5D6CA800847D6C /* NewBPMarketAnalysisModel.m */ = {isa = PBXFileReference; fileEncoding = 4; lastKnownFileType = sourcecode.c.objc; path = NewBPMarketAnalysisModel.m; sourceTree = "<group>"; };
		76B548601E5D6CA800847D6C /* NewBPMoneyPlanModel.h */ = {isa = PBXFileReference; fileEncoding = 4; lastKnownFileType = sourcecode.c.h; path = NewBPMoneyPlanModel.h; sourceTree = "<group>"; };
		76B548611E5D6CA800847D6C /* NewBPMoneyPlanModel.m */ = {isa = PBXFileReference; fileEncoding = 4; lastKnownFileType = sourcecode.c.objc; path = NewBPMoneyPlanModel.m; sourceTree = "<group>"; };
		76B548621E5D6CA800847D6C /* NewBPProjectAbsModel.h */ = {isa = PBXFileReference; fileEncoding = 4; lastKnownFileType = sourcecode.c.h; path = NewBPProjectAbsModel.h; sourceTree = "<group>"; };
		76B548631E5D6CA800847D6C /* NewBPProjectAbsModel.m */ = {isa = PBXFileReference; fileEncoding = 4; lastKnownFileType = sourcecode.c.objc; path = NewBPProjectAbsModel.m; sourceTree = "<group>"; };
		76B548641E5D6CA800847D6C /* NewBPProjectProgressModel.h */ = {isa = PBXFileReference; fileEncoding = 4; lastKnownFileType = sourcecode.c.h; path = NewBPProjectProgressModel.h; sourceTree = "<group>"; };
		76B548651E5D6CA800847D6C /* NewBPProjectProgressModel.m */ = {isa = PBXFileReference; fileEncoding = 4; lastKnownFileType = sourcecode.c.objc; path = NewBPProjectProgressModel.m; sourceTree = "<group>"; };
		76B548661E5D6CA800847D6C /* NewBPTeamMemberModel.h */ = {isa = PBXFileReference; fileEncoding = 4; lastKnownFileType = sourcecode.c.h; path = NewBPTeamMemberModel.h; sourceTree = "<group>"; };
		76B548671E5D6CA800847D6C /* NewBPTeamMemberModel.m */ = {isa = PBXFileReference; fileEncoding = 4; lastKnownFileType = sourcecode.c.objc; path = NewBPTeamMemberModel.m; sourceTree = "<group>"; };
		76B548681E5D6CA800847D6C /* NewMyBPTeamMerberModel.h */ = {isa = PBXFileReference; fileEncoding = 4; lastKnownFileType = sourcecode.c.h; path = NewMyBPTeamMerberModel.h; sourceTree = "<group>"; };
		76B548691E5D6CA800847D6C /* NewMyBPTeamMerberModel.m */ = {isa = PBXFileReference; fileEncoding = 4; lastKnownFileType = sourcecode.c.objc; path = NewMyBPTeamMerberModel.m; sourceTree = "<group>"; };
		76B548731E5D6CD600847D6C /* BPNewMyProjectModel.h */ = {isa = PBXFileReference; fileEncoding = 4; lastKnownFileType = sourcecode.c.h; path = BPNewMyProjectModel.h; sourceTree = "<group>"; };
		76B548741E5D6CD600847D6C /* BPNewMyProjectModel.m */ = {isa = PBXFileReference; fileEncoding = 4; lastKnownFileType = sourcecode.c.objc; path = BPNewMyProjectModel.m; sourceTree = "<group>"; };
		76B548771E5D6D5800847D6C /* BPCoreTeamMessageCellTableViewCell.h */ = {isa = PBXFileReference; fileEncoding = 4; lastKnownFileType = sourcecode.c.h; path = BPCoreTeamMessageCellTableViewCell.h; sourceTree = "<group>"; };
		76B548781E5D6D5800847D6C /* BPCoreTeamMessageCellTableViewCell.m */ = {isa = PBXFileReference; fileEncoding = 4; lastKnownFileType = sourcecode.c.objc; path = BPCoreTeamMessageCellTableViewCell.m; sourceTree = "<group>"; };
		76B548791E5D6D5800847D6C /* BPCoreTeamMessageCellTableViewCell.xib */ = {isa = PBXFileReference; fileEncoding = 4; lastKnownFileType = file.xib; path = BPCoreTeamMessageCellTableViewCell.xib; sourceTree = "<group>"; };
		76B5487A1E5D6D5800847D6C /* CTTeamTableViewCell.h */ = {isa = PBXFileReference; fileEncoding = 4; lastKnownFileType = sourcecode.c.h; path = CTTeamTableViewCell.h; sourceTree = "<group>"; };
		76B5487B1E5D6D5800847D6C /* CTTeamTableViewCell.m */ = {isa = PBXFileReference; fileEncoding = 4; lastKnownFileType = sourcecode.c.objc; path = CTTeamTableViewCell.m; sourceTree = "<group>"; };
		76B5487C1E5D6D5800847D6C /* CTTeamTableViewCell.xib */ = {isa = PBXFileReference; fileEncoding = 4; lastKnownFileType = file.xib; path = CTTeamTableViewCell.xib; sourceTree = "<group>"; };
		76B5487E1E5D6D5800847D6C /* FinancingSourceTableViewCell.h */ = {isa = PBXFileReference; fileEncoding = 4; lastKnownFileType = sourcecode.c.h; path = FinancingSourceTableViewCell.h; sourceTree = "<group>"; };
		76B5487F1E5D6D5800847D6C /* FinancingSourceTableViewCell.m */ = {isa = PBXFileReference; fileEncoding = 4; lastKnownFileType = sourcecode.c.objc; path = FinancingSourceTableViewCell.m; sourceTree = "<group>"; };
		76B548801E5D6D5800847D6C /* FinancingSourceTableViewCell.xib */ = {isa = PBXFileReference; fileEncoding = 4; lastKnownFileType = file.xib; path = FinancingSourceTableViewCell.xib; sourceTree = "<group>"; };
		76B548811E5D6D5800847D6C /* FinancingSourceTwoTableViewCell.h */ = {isa = PBXFileReference; fileEncoding = 4; lastKnownFileType = sourcecode.c.h; path = FinancingSourceTwoTableViewCell.h; sourceTree = "<group>"; };
		76B548821E5D6D5800847D6C /* FinancingSourceTwoTableViewCell.m */ = {isa = PBXFileReference; fileEncoding = 4; lastKnownFileType = sourcecode.c.objc; path = FinancingSourceTwoTableViewCell.m; sourceTree = "<group>"; };
		76B548831E5D6D5800847D6C /* FinancingSourceTwoTableViewCell.xib */ = {isa = PBXFileReference; fileEncoding = 4; lastKnownFileType = file.xib; path = FinancingSourceTwoTableViewCell.xib; sourceTree = "<group>"; };
		76B548851E5D6D5800847D6C /* BPProjectCommentTableViewCell.h */ = {isa = PBXFileReference; fileEncoding = 4; lastKnownFileType = sourcecode.c.h; path = BPProjectCommentTableViewCell.h; sourceTree = "<group>"; };
		76B548861E5D6D5800847D6C /* BPProjectCommentTableViewCell.m */ = {isa = PBXFileReference; fileEncoding = 4; lastKnownFileType = sourcecode.c.objc; path = BPProjectCommentTableViewCell.m; sourceTree = "<group>"; };
		76B548871E5D6D5800847D6C /* BPProjectCommentTableViewCell.xib */ = {isa = PBXFileReference; fileEncoding = 4; lastKnownFileType = file.xib; path = BPProjectCommentTableViewCell.xib; sourceTree = "<group>"; };
		76B548881E5D6D5800847D6C /* BPSelectInfoTableViewCell.h */ = {isa = PBXFileReference; fileEncoding = 4; lastKnownFileType = sourcecode.c.h; path = BPSelectInfoTableViewCell.h; sourceTree = "<group>"; };
		76B548891E5D6D5800847D6C /* BPSelectInfoTableViewCell.m */ = {isa = PBXFileReference; fileEncoding = 4; lastKnownFileType = sourcecode.c.objc; path = BPSelectInfoTableViewCell.m; sourceTree = "<group>"; };
		76B5488A1E5D6D5800847D6C /* BPSelectInfoTableViewCell.xib */ = {isa = PBXFileReference; fileEncoding = 4; lastKnownFileType = file.xib; path = BPSelectInfoTableViewCell.xib; sourceTree = "<group>"; };
		76B5488B1E5D6D5800847D6C /* BPTradeInfoCollectionViewCell.h */ = {isa = PBXFileReference; fileEncoding = 4; lastKnownFileType = sourcecode.c.h; path = BPTradeInfoCollectionViewCell.h; sourceTree = "<group>"; };
		76B5488C1E5D6D5800847D6C /* BPTradeInfoCollectionViewCell.m */ = {isa = PBXFileReference; fileEncoding = 4; lastKnownFileType = sourcecode.c.objc; path = BPTradeInfoCollectionViewCell.m; sourceTree = "<group>"; };
		76B5488D1E5D6D5800847D6C /* BPTradeInfoCollectionViewCell.xib */ = {isa = PBXFileReference; fileEncoding = 4; lastKnownFileType = file.xib; path = BPTradeInfoCollectionViewCell.xib; sourceTree = "<group>"; };
		76B5488F1E5D6D5800847D6C /* BPProFirstTableViewCell.h */ = {isa = PBXFileReference; fileEncoding = 4; lastKnownFileType = sourcecode.c.h; path = BPProFirstTableViewCell.h; sourceTree = "<group>"; };
		76B548901E5D6D5800847D6C /* BPProFirstTableViewCell.m */ = {isa = PBXFileReference; fileEncoding = 4; lastKnownFileType = sourcecode.c.objc; path = BPProFirstTableViewCell.m; sourceTree = "<group>"; };
		76B548911E5D6D5800847D6C /* BPProSecondsTableViewCell.h */ = {isa = PBXFileReference; fileEncoding = 4; lastKnownFileType = sourcecode.c.h; path = BPProSecondsTableViewCell.h; sourceTree = "<group>"; };
		76B548921E5D6D5800847D6C /* BPProSecondsTableViewCell.m */ = {isa = PBXFileReference; fileEncoding = 4; lastKnownFileType = sourcecode.c.objc; path = BPProSecondsTableViewCell.m; sourceTree = "<group>"; };
		76B548931E5D6D5800847D6C /* BPProSecondsTableViewCell.xib */ = {isa = PBXFileReference; fileEncoding = 4; lastKnownFileType = file.xib; path = BPProSecondsTableViewCell.xib; sourceTree = "<group>"; };
		76B548941E5D6D5800847D6C /* BPBussinessFlowFlagTableViewCell.h */ = {isa = PBXFileReference; fileEncoding = 4; lastKnownFileType = sourcecode.c.h; path = BPBussinessFlowFlagTableViewCell.h; sourceTree = "<group>"; };
		76B548951E5D6D5800847D6C /* BPBussinessFlowFlagTableViewCell.m */ = {isa = PBXFileReference; fileEncoding = 4; lastKnownFileType = sourcecode.c.objc; path = BPBussinessFlowFlagTableViewCell.m; sourceTree = "<group>"; };
		76B548961E5D6D5800847D6C /* BPBussinessFlowFlagTableViewCell.xib */ = {isa = PBXFileReference; fileEncoding = 4; lastKnownFileType = file.xib; path = BPBussinessFlowFlagTableViewCell.xib; sourceTree = "<group>"; };
		76B548971E5D6D5800847D6C /* BPPhotoShowMsgTableViewCell.h */ = {isa = PBXFileReference; fileEncoding = 4; lastKnownFileType = sourcecode.c.h; path = BPPhotoShowMsgTableViewCell.h; sourceTree = "<group>"; };
		76B548981E5D6D5800847D6C /* BPPhotoShowMsgTableViewCell.m */ = {isa = PBXFileReference; fileEncoding = 4; lastKnownFileType = sourcecode.c.objc; path = BPPhotoShowMsgTableViewCell.m; sourceTree = "<group>"; };
		76B548991E5D6D5800847D6C /* BPPhotoShowMsgTableViewCell.xib */ = {isa = PBXFileReference; fileEncoding = 4; lastKnownFileType = file.xib; path = BPPhotoShowMsgTableViewCell.xib; sourceTree = "<group>"; };
		76B5489A1E5D6D5800847D6C /* BussinessPlanStatusTableViewCell.h */ = {isa = PBXFileReference; fileEncoding = 4; lastKnownFileType = sourcecode.c.h; path = BussinessPlanStatusTableViewCell.h; sourceTree = "<group>"; };
		76B5489B1E5D6D5800847D6C /* BussinessPlanStatusTableViewCell.m */ = {isa = PBXFileReference; fileEncoding = 4; lastKnownFileType = sourcecode.c.objc; path = BussinessPlanStatusTableViewCell.m; sourceTree = "<group>"; };
		76B5489C1E5D6D5800847D6C /* BussinessPlanStatusTableViewCell.xib */ = {isa = PBXFileReference; fileEncoding = 4; lastKnownFileType = file.xib; path = BussinessPlanStatusTableViewCell.xib; sourceTree = "<group>"; };
		76B5489D1E5D6D5800847D6C /* MyBusinessFooterView.h */ = {isa = PBXFileReference; fileEncoding = 4; lastKnownFileType = sourcecode.c.h; path = MyBusinessFooterView.h; sourceTree = "<group>"; };
		76B5489E1E5D6D5800847D6C /* MyBusinessFooterView.m */ = {isa = PBXFileReference; fileEncoding = 4; lastKnownFileType = sourcecode.c.objc; path = MyBusinessFooterView.m; sourceTree = "<group>"; };
		76B5489F1E5D6D5800847D6C /* MyBusinessListTableViewCell.h */ = {isa = PBXFileReference; fileEncoding = 4; lastKnownFileType = sourcecode.c.h; path = MyBusinessListTableViewCell.h; sourceTree = "<group>"; };
		76B548A01E5D6D5800847D6C /* MyBusinessListTableViewCell.m */ = {isa = PBXFileReference; fileEncoding = 4; lastKnownFileType = sourcecode.c.objc; path = MyBusinessListTableViewCell.m; sourceTree = "<group>"; };
		76B548A11E5D6D5800847D6C /* MyBusinessListTableViewCell.xib */ = {isa = PBXFileReference; fileEncoding = 4; lastKnownFileType = file.xib; path = MyBusinessListTableViewCell.xib; sourceTree = "<group>"; };
		76B548BC1E5D6DDC00847D6C /* BusinessMemoryCacheTool.h */ = {isa = PBXFileReference; fileEncoding = 4; lastKnownFileType = sourcecode.c.h; path = BusinessMemoryCacheTool.h; sourceTree = "<group>"; };
		76B548BD1E5D6DDC00847D6C /* BusinessMemoryCacheTool.m */ = {isa = PBXFileReference; fileEncoding = 4; lastKnownFileType = sourcecode.c.objc; path = BusinessMemoryCacheTool.m; sourceTree = "<group>"; };
		76B548BF1E5D710600847D6C /* UIView+BPFrame.h */ = {isa = PBXFileReference; fileEncoding = 4; lastKnownFileType = sourcecode.c.h; path = "UIView+BPFrame.h"; sourceTree = "<group>"; };
		76B548C01E5D710600847D6C /* UIView+BPFrame.m */ = {isa = PBXFileReference; fileEncoding = 4; lastKnownFileType = sourcecode.c.objc; path = "UIView+BPFrame.m"; sourceTree = "<group>"; };
		76B548C21E5D745600847D6C /* BPBaseViewController.h */ = {isa = PBXFileReference; fileEncoding = 4; lastKnownFileType = sourcecode.c.h; path = BPBaseViewController.h; sourceTree = "<group>"; };
		76B548C31E5D745600847D6C /* BPBaseViewController.m */ = {isa = PBXFileReference; fileEncoding = 4; lastKnownFileType = sourcecode.c.objc; path = BPBaseViewController.m; sourceTree = "<group>"; };
		76B548C51E5D773200847D6C /* business_back.png */ = {isa = PBXFileReference; lastKnownFileType = image.png; path = business_back.png; sourceTree = "<group>"; };
		76B548C71E5D818600847D6C /* ProjectManagementViewController.h */ = {isa = PBXFileReference; fileEncoding = 4; lastKnownFileType = sourcecode.c.h; path = ProjectManagementViewController.h; sourceTree = "<group>"; };
		76B548C81E5D818600847D6C /* ProjectManagementViewController.m */ = {isa = PBXFileReference; fileEncoding = 4; lastKnownFileType = sourcecode.c.objc; path = ProjectManagementViewController.m; sourceTree = "<group>"; };
		76B548CA1E5D821D00847D6C /* BPProjectMsgCell.h */ = {isa = PBXFileReference; fileEncoding = 4; lastKnownFileType = sourcecode.c.h; path = BPProjectMsgCell.h; sourceTree = "<group>"; };
		76B548CB1E5D821D00847D6C /* BPProjectMsgCell.m */ = {isa = PBXFileReference; fileEncoding = 4; lastKnownFileType = sourcecode.c.objc; path = BPProjectMsgCell.m; sourceTree = "<group>"; };
		76B548CD1E5D826100847D6C /* BPProjectMsgCell.xib */ = {isa = PBXFileReference; fileEncoding = 4; lastKnownFileType = file.xib; path = BPProjectMsgCell.xib; sourceTree = "<group>"; };
		76B548CF1E5D836100847D6C /* BPTagCollectionLayout.h */ = {isa = PBXFileReference; fileEncoding = 4; lastKnownFileType = sourcecode.c.h; path = BPTagCollectionLayout.h; sourceTree = "<group>"; };
		76B548D01E5D836100847D6C /* BPTagCollectionLayout.h.m */ = {isa = PBXFileReference; fileEncoding = 4; lastKnownFileType = sourcecode.c.objc; path = BPTagCollectionLayout.h.m; sourceTree = "<group>"; };
		76B549701E5E7AAA00847D6C /* MarketAnalysisViewController.h */ = {isa = PBXFileReference; fileEncoding = 4; lastKnownFileType = sourcecode.c.h; path = MarketAnalysisViewController.h; sourceTree = "<group>"; };
		76B549711E5E7AAA00847D6C /* MarketAnalysisViewController.m */ = {isa = PBXFileReference; fileEncoding = 4; lastKnownFileType = sourcecode.c.objc; path = MarketAnalysisViewController.m; sourceTree = "<group>"; };
		76B549731E5E7C1300847D6C /* BusinessSimulationViewController.h */ = {isa = PBXFileReference; fileEncoding = 4; lastKnownFileType = sourcecode.c.h; path = BusinessSimulationViewController.h; sourceTree = "<group>"; };
		76B549741E5E7C1300847D6C /* BusinessSimulationViewController.m */ = {isa = PBXFileReference; fileEncoding = 4; lastKnownFileType = sourcecode.c.objc; path = BusinessSimulationViewController.m; sourceTree = "<group>"; };
		76B5499D1E5E7D4600847D6C /* AJGradientView.h */ = {isa = PBXFileReference; fileEncoding = 4; lastKnownFileType = sourcecode.c.h; path = AJGradientView.h; sourceTree = "<group>"; };
		76B5499E1E5E7D4600847D6C /* AJGradientView.m */ = {isa = PBXFileReference; fileEncoding = 4; lastKnownFileType = sourcecode.c.objc; path = AJGradientView.m; sourceTree = "<group>"; };
		76B5499F1E5E7D4600847D6C /* AJPhotoGroupCell.h */ = {isa = PBXFileReference; fileEncoding = 4; lastKnownFileType = sourcecode.c.h; path = AJPhotoGroupCell.h; sourceTree = "<group>"; };
		76B549A01E5E7D4600847D6C /* AJPhotoGroupCell.m */ = {isa = PBXFileReference; fileEncoding = 4; lastKnownFileType = sourcecode.c.objc; path = AJPhotoGroupCell.m; sourceTree = "<group>"; };
		76B549A11E5E7D4600847D6C /* AJPhotoGroupView.h */ = {isa = PBXFileReference; fileEncoding = 4; lastKnownFileType = sourcecode.c.h; path = AJPhotoGroupView.h; sourceTree = "<group>"; };
		76B549A21E5E7D4600847D6C /* AJPhotoGroupView.m */ = {isa = PBXFileReference; fileEncoding = 4; lastKnownFileType = sourcecode.c.objc; path = AJPhotoGroupView.m; sourceTree = "<group>"; };
		76B549A31E5E7D4600847D6C /* AJPhotoListCell.h */ = {isa = PBXFileReference; fileEncoding = 4; lastKnownFileType = sourcecode.c.h; path = AJPhotoListCell.h; sourceTree = "<group>"; };
		76B549A41E5E7D4600847D6C /* AJPhotoListCell.m */ = {isa = PBXFileReference; fileEncoding = 4; lastKnownFileType = sourcecode.c.objc; path = AJPhotoListCell.m; sourceTree = "<group>"; };
		76B549A51E5E7D4600847D6C /* AJPhotoListCellTapView.h */ = {isa = PBXFileReference; fileEncoding = 4; lastKnownFileType = sourcecode.c.h; path = AJPhotoListCellTapView.h; sourceTree = "<group>"; };
		76B549A61E5E7D4600847D6C /* AJPhotoListCellTapView.m */ = {isa = PBXFileReference; fileEncoding = 4; lastKnownFileType = sourcecode.c.objc; path = AJPhotoListCellTapView.m; sourceTree = "<group>"; };
		76B549A71E5E7D4600847D6C /* AJPhotoListView.h */ = {isa = PBXFileReference; fileEncoding = 4; lastKnownFileType = sourcecode.c.h; path = AJPhotoListView.h; sourceTree = "<group>"; };
		76B549A81E5E7D4600847D6C /* AJPhotoListView.m */ = {isa = PBXFileReference; fileEncoding = 4; lastKnownFileType = sourcecode.c.objc; path = AJPhotoListView.m; sourceTree = "<group>"; };
		76B549A91E5E7D4600847D6C /* AJPhotoPickerViewController.h */ = {isa = PBXFileReference; fileEncoding = 4; lastKnownFileType = sourcecode.c.h; path = AJPhotoPickerViewController.h; sourceTree = "<group>"; };
		76B549AA1E5E7D4600847D6C /* AJPhotoPickerViewController.m */ = {isa = PBXFileReference; fileEncoding = 4; lastKnownFileType = sourcecode.c.objc; path = AJPhotoPickerViewController.m; sourceTree = "<group>"; };
		76B549AB1E5E7D4600847D6C /* BoPhotoPicker.bundle */ = {isa = PBXFileReference; lastKnownFileType = "wrapper.plug-in"; path = BoPhotoPicker.bundle; sourceTree = "<group>"; };
		76B549AE1E5E7D4600847D6C /* AJPhotoBrowserViewController.h */ = {isa = PBXFileReference; fileEncoding = 4; lastKnownFileType = sourcecode.c.h; path = AJPhotoBrowserViewController.h; sourceTree = "<group>"; };
		76B549AF1E5E7D4600847D6C /* AJPhotoBrowserViewController.m */ = {isa = PBXFileReference; fileEncoding = 4; lastKnownFileType = sourcecode.c.objc; path = AJPhotoBrowserViewController.m; sourceTree = "<group>"; };
		76B549B01E5E7D4600847D6C /* AJPhotoTapDetectingImageView.h */ = {isa = PBXFileReference; fileEncoding = 4; lastKnownFileType = sourcecode.c.h; path = AJPhotoTapDetectingImageView.h; sourceTree = "<group>"; };
		76B549B11E5E7D4600847D6C /* AJPhotoTapDetectingImageView.m */ = {isa = PBXFileReference; fileEncoding = 4; lastKnownFileType = sourcecode.c.objc; path = AJPhotoTapDetectingImageView.m; sourceTree = "<group>"; };
		76B549B21E5E7D4600847D6C /* AJPhotoZoomingScrollView.h */ = {isa = PBXFileReference; fileEncoding = 4; lastKnownFileType = sourcecode.c.h; path = AJPhotoZoomingScrollView.h; sourceTree = "<group>"; };
		76B549B31E5E7D4600847D6C /* AJPhotoZoomingScrollView.m */ = {isa = PBXFileReference; fileEncoding = 4; lastKnownFileType = sourcecode.c.objc; path = AJPhotoZoomingScrollView.m; sourceTree = "<group>"; };
		76B549B41E5E7D4600847D6C /* AJTapDetectingView.h */ = {isa = PBXFileReference; fileEncoding = 4; lastKnownFileType = sourcecode.c.h; path = AJTapDetectingView.h; sourceTree = "<group>"; };
		76B549B51E5E7D4600847D6C /* AJTapDetectingView.m */ = {isa = PBXFileReference; fileEncoding = 4; lastKnownFileType = sourcecode.c.objc; path = AJTapDetectingView.m; sourceTree = "<group>"; };
		76B549C21E5E841300847D6C /* FinancialPlansViewController.h */ = {isa = PBXFileReference; fileEncoding = 4; lastKnownFileType = sourcecode.c.h; path = FinancialPlansViewController.h; sourceTree = "<group>"; };
		76B549C31E5E841300847D6C /* FinancialPlansViewController.m */ = {isa = PBXFileReference; fileEncoding = 4; lastKnownFileType = sourcecode.c.objc; path = FinancialPlansViewController.m; sourceTree = "<group>"; };
		76B549C51E5E851700847D6C /* BPCityMode.h */ = {isa = PBXFileReference; fileEncoding = 4; lastKnownFileType = sourcecode.c.h; path = BPCityMode.h; sourceTree = "<group>"; };
		76B549C61E5E851700847D6C /* BPCityMode.m */ = {isa = PBXFileReference; fileEncoding = 4; lastKnownFileType = sourcecode.c.objc; path = BPCityMode.m; sourceTree = "<group>"; };
		76B549CA1E5E85B000847D6C /* CoreTeamViewController.h */ = {isa = PBXFileReference; fileEncoding = 4; lastKnownFileType = sourcecode.c.h; path = CoreTeamViewController.h; sourceTree = "<group>"; };
		76B549CB1E5E85B000847D6C /* CoreTeamViewController.m */ = {isa = PBXFileReference; fileEncoding = 4; lastKnownFileType = sourcecode.c.objc; path = CoreTeamViewController.m; sourceTree = "<group>"; };
		76B549CE1E5E861800847D6C /* BSAddNewTeamViewController.h */ = {isa = PBXFileReference; fileEncoding = 4; lastKnownFileType = sourcecode.c.h; path = BSAddNewTeamViewController.h; sourceTree = "<group>"; };
		76B549CF1E5E861800847D6C /* BSAddNewTeamViewController.m */ = {isa = PBXFileReference; fileEncoding = 4; lastKnownFileType = sourcecode.c.objc; path = BSAddNewTeamViewController.m; sourceTree = "<group>"; };
		76B549D11E5E865700847D6C /* BPAddMemberCell2.h */ = {isa = PBXFileReference; fileEncoding = 4; lastKnownFileType = sourcecode.c.h; path = BPAddMemberCell2.h; sourceTree = "<group>"; };
		76B549D21E5E865700847D6C /* BPAddMemberCell2.m */ = {isa = PBXFileReference; fileEncoding = 4; lastKnownFileType = sourcecode.c.objc; path = BPAddMemberCell2.m; sourceTree = "<group>"; };
		76B549D31E5E865700847D6C /* BPAddMemberCell2.xib */ = {isa = PBXFileReference; fileEncoding = 4; lastKnownFileType = file.xib; path = BPAddMemberCell2.xib; sourceTree = "<group>"; };
		76B549D61E5E867A00847D6C /* BPButtonTableViewCell.h */ = {isa = PBXFileReference; fileEncoding = 4; lastKnownFileType = sourcecode.c.h; path = BPButtonTableViewCell.h; sourceTree = "<group>"; };
		76B549D71E5E867A00847D6C /* BPButtonTableViewCell.m */ = {isa = PBXFileReference; fileEncoding = 4; lastKnownFileType = sourcecode.c.objc; path = BPButtonTableViewCell.m; sourceTree = "<group>"; };
		76B549D81E5E867A00847D6C /* BPButtonTableViewCell.xib */ = {isa = PBXFileReference; fileEncoding = 4; lastKnownFileType = file.xib; path = BPButtonTableViewCell.xib; sourceTree = "<group>"; };
		76B549E01E5E87F200847D6C /* MyBussinessFinalViewController.h */ = {isa = PBXFileReference; fileEncoding = 4; lastKnownFileType = sourcecode.c.h; path = MyBussinessFinalViewController.h; sourceTree = "<group>"; };
		76B549E11E5E87F200847D6C /* MyBussinessFinalViewController.m */ = {isa = PBXFileReference; fileEncoding = 4; lastKnownFileType = sourcecode.c.objc; path = MyBussinessFinalViewController.m; sourceTree = "<group>"; };
		76B549E31E5E883F00847D6C /* BPProjectAlertView.h */ = {isa = PBXFileReference; fileEncoding = 4; lastKnownFileType = sourcecode.c.h; path = BPProjectAlertView.h; sourceTree = "<group>"; };
		76B549E41E5E883F00847D6C /* BPProjectAlertView.m */ = {isa = PBXFileReference; fileEncoding = 4; lastKnownFileType = sourcecode.c.objc; path = BPProjectAlertView.m; sourceTree = "<group>"; };
		76B549E51E5E883F00847D6C /* BPProjectAlertView.xib */ = {isa = PBXFileReference; fileEncoding = 4; lastKnownFileType = file.xib; path = BPProjectAlertView.xib; sourceTree = "<group>"; };
		76B549E81E5E88A400847D6C /* UIView+BPAlertViewProject.h */ = {isa = PBXFileReference; fileEncoding = 4; lastKnownFileType = sourcecode.c.h; path = "UIView+BPAlertViewProject.h"; sourceTree = "<group>"; };
		76B549E91E5E88A400847D6C /* UIView+BPAlertViewProject.m */ = {isa = PBXFileReference; fileEncoding = 4; lastKnownFileType = sourcecode.c.objc; path = "UIView+BPAlertViewProject.m"; sourceTree = "<group>"; };
		76B549EB1E5E892F00847D6C /* ProjectProgressViewController.h */ = {isa = PBXFileReference; fileEncoding = 4; lastKnownFileType = sourcecode.c.h; path = ProjectProgressViewController.h; sourceTree = "<group>"; };
		76B549EC1E5E892F00847D6C /* ProjectProgressViewController.m */ = {isa = PBXFileReference; fileEncoding = 4; lastKnownFileType = sourcecode.c.objc; path = ProjectProgressViewController.m; sourceTree = "<group>"; };
		76B549EE1E5E894100847D6C /* BPProShowViewController.h */ = {isa = PBXFileReference; fileEncoding = 4; lastKnownFileType = sourcecode.c.h; path = BPProShowViewController.h; sourceTree = "<group>"; };
		76B549EF1E5E894100847D6C /* BPProShowViewController.m */ = {isa = PBXFileReference; fileEncoding = 4; lastKnownFileType = sourcecode.c.objc; path = BPProShowViewController.m; sourceTree = "<group>"; };
		76B549F11E5E89FD00847D6C /* BPProjectDynamicCell1.h */ = {isa = PBXFileReference; fileEncoding = 4; lastKnownFileType = sourcecode.c.h; path = BPProjectDynamicCell1.h; sourceTree = "<group>"; };
		76B549F21E5E89FD00847D6C /* BPProjectDynamicCell1.m */ = {isa = PBXFileReference; fileEncoding = 4; lastKnownFileType = sourcecode.c.objc; path = BPProjectDynamicCell1.m; sourceTree = "<group>"; };
		76B549F31E5E89FD00847D6C /* BPProjectDynamicCell1.xib */ = {isa = PBXFileReference; fileEncoding = 4; lastKnownFileType = file.xib; path = BPProjectDynamicCell1.xib; sourceTree = "<group>"; };
		76B549F61E5E8A1200847D6C /* BPProjectDynamicCell2.h */ = {isa = PBXFileReference; fileEncoding = 4; lastKnownFileType = sourcecode.c.h; path = BPProjectDynamicCell2.h; sourceTree = "<group>"; };
		76B549F71E5E8A1200847D6C /* BPProjectDynamicCell2.m */ = {isa = PBXFileReference; fileEncoding = 4; lastKnownFileType = sourcecode.c.objc; path = BPProjectDynamicCell2.m; sourceTree = "<group>"; };
		76B549F81E5E8A1200847D6C /* BPProjectDynamicCell2.xib */ = {isa = PBXFileReference; fileEncoding = 4; lastKnownFileType = file.xib; path = BPProjectDynamicCell2.xib; sourceTree = "<group>"; };
		76B549FB1E5E8A3300847D6C /* BPAddNewThinkViewController.h */ = {isa = PBXFileReference; fileEncoding = 4; lastKnownFileType = sourcecode.c.h; path = BPAddNewThinkViewController.h; sourceTree = "<group>"; };
		76B549FC1E5E8A3300847D6C /* BPAddNewThinkViewController.m */ = {isa = PBXFileReference; fileEncoding = 4; lastKnownFileType = sourcecode.c.objc; path = BPAddNewThinkViewController.m; sourceTree = "<group>"; };
		76B549FE1E5E8A9800847D6C /* BPProjectMsgCell2.h */ = {isa = PBXFileReference; fileEncoding = 4; lastKnownFileType = sourcecode.c.h; path = BPProjectMsgCell2.h; sourceTree = "<group>"; };
		76B549FF1E5E8A9800847D6C /* BPProjectMsgCell2.m */ = {isa = PBXFileReference; fileEncoding = 4; lastKnownFileType = sourcecode.c.objc; path = BPProjectMsgCell2.m; sourceTree = "<group>"; };
		76B54A001E5E8A9800847D6C /* BPProjectMsgCell2.xib */ = {isa = PBXFileReference; fileEncoding = 4; lastKnownFileType = file.xib; path = BPProjectMsgCell2.xib; sourceTree = "<group>"; };
		76B54A031E5E931E00847D6C /* bp_addPhoto@2x.png */ = {isa = PBXFileReference; lastKnownFileType = image.png; path = "bp_addPhoto@2x.png"; sourceTree = "<group>"; };
		76B54A041E5E931E00847D6C /* bp_arrow.png */ = {isa = PBXFileReference; lastKnownFileType = image.png; path = bp_arrow.png; sourceTree = "<group>"; };
		76B54A051E5E931E00847D6C /* bp_redpoint.png */ = {isa = PBXFileReference; lastKnownFileType = image.png; path = bp_redpoint.png; sourceTree = "<group>"; };
		B9A06B39E3BA7F87553FE56B /* Pods-TRZXBusinessPlanTests.release.xcconfig */ = {isa = PBXFileReference; includeInIndex = 1; lastKnownFileType = text.xcconfig; name = "Pods-TRZXBusinessPlanTests.release.xcconfig"; path = "Pods/Target Support Files/Pods-TRZXBusinessPlanTests/Pods-TRZXBusinessPlanTests.release.xcconfig"; sourceTree = "<group>"; };
		D0ED766540383D19484B0704 /* libPods-TRZXBusinessPlan.a */ = {isa = PBXFileReference; explicitFileType = archive.ar; includeInIndex = 0; path = "libPods-TRZXBusinessPlan.a"; sourceTree = BUILT_PRODUCTS_DIR; };
		D7B2D223D265ABA9439D21DD /* Pods-TRZXBusinessPlanUITests.release.xcconfig */ = {isa = PBXFileReference; includeInIndex = 1; lastKnownFileType = text.xcconfig; name = "Pods-TRZXBusinessPlanUITests.release.xcconfig"; path = "Pods/Target Support Files/Pods-TRZXBusinessPlanUITests/Pods-TRZXBusinessPlanUITests.release.xcconfig"; sourceTree = "<group>"; };
		D85FE3CB0A5E99B521841B97 /* Pods-TRZXBusinessPlan.debug.xcconfig */ = {isa = PBXFileReference; includeInIndex = 1; lastKnownFileType = text.xcconfig; name = "Pods-TRZXBusinessPlan.debug.xcconfig"; path = "Pods/Target Support Files/Pods-TRZXBusinessPlan/Pods-TRZXBusinessPlan.debug.xcconfig"; sourceTree = "<group>"; };
		DDC66978D1AA7696D98176E5 /* Pods-TRZXBusinessPlan.release.xcconfig */ = {isa = PBXFileReference; includeInIndex = 1; lastKnownFileType = text.xcconfig; name = "Pods-TRZXBusinessPlan.release.xcconfig"; path = "Pods/Target Support Files/Pods-TRZXBusinessPlan/Pods-TRZXBusinessPlan.release.xcconfig"; sourceTree = "<group>"; };
		FC1F3E7396BD4203FFEB276D /* Pods-TRZXBusinessPlanTests.debug.xcconfig */ = {isa = PBXFileReference; includeInIndex = 1; lastKnownFileType = text.xcconfig; name = "Pods-TRZXBusinessPlanTests.debug.xcconfig"; path = "Pods/Target Support Files/Pods-TRZXBusinessPlanTests/Pods-TRZXBusinessPlanTests.debug.xcconfig"; sourceTree = "<group>"; };
/* End PBXFileReference section */

/* Begin PBXFrameworksBuildPhase section */
		76B547F71E5D67B800847D6C /* Frameworks */ = {
			isa = PBXFrameworksBuildPhase;
			buildActionMask = 2147483647;
			files = (
				DAEB48F09CB01B8E6B24A372 /* libPods-TRZXBusinessPlan.a in Frameworks */,
			);
			runOnlyForDeploymentPostprocessing = 0;
		};
		76B548101E5D67B800847D6C /* Frameworks */ = {
			isa = PBXFrameworksBuildPhase;
			buildActionMask = 2147483647;
			files = (
				204229253C6CD1A1680E7A9F /* libPods-TRZXBusinessPlanTests.a in Frameworks */,
			);
			runOnlyForDeploymentPostprocessing = 0;
		};
		76B5481B1E5D67B800847D6C /* Frameworks */ = {
			isa = PBXFrameworksBuildPhase;
			buildActionMask = 2147483647;
			files = (
				B2C02EF00EE95672FE3203DF /* libPods-TRZXBusinessPlanUITests.a in Frameworks */,
			);
			runOnlyForDeploymentPostprocessing = 0;
		};
/* End PBXFrameworksBuildPhase section */

/* Begin PBXGroup section */
		09D463ABF886D71F66D54B64 /* Frameworks */ = {
			isa = PBXGroup;
			children = (
				D0ED766540383D19484B0704 /* libPods-TRZXBusinessPlan.a */,
				4E9398B750F7B764E3B129F6 /* libPods-TRZXBusinessPlanTests.a */,
				130037715055EEF01985EA9F /* libPods-TRZXBusinessPlanUITests.a */,
			);
			name = Frameworks;
			sourceTree = "<group>";
		};
		76B547F11E5D67B800847D6C = {
			isa = PBXGroup;
			children = (
				76B547FC1E5D67B800847D6C /* TRZXBusinessPlan */,
				76B548161E5D67B800847D6C /* TRZXBusinessPlanTests */,
				76B548211E5D67B800847D6C /* TRZXBusinessPlanUITests */,
				76B547FB1E5D67B800847D6C /* Products */,
				B9ACF84C8D13B5C889FE635E /* Pods */,
				09D463ABF886D71F66D54B64 /* Frameworks */,
			);
			sourceTree = "<group>";
		};
		76B547FB1E5D67B800847D6C /* Products */ = {
			isa = PBXGroup;
			children = (
				76B547FA1E5D67B800847D6C /* TRZXBusinessPlan.app */,
				76B548131E5D67B800847D6C /* TRZXBusinessPlanTests.xctest */,
				76B5481E1E5D67B800847D6C /* TRZXBusinessPlanUITests.xctest */,
			);
			name = Products;
			sourceTree = "<group>";
		};
		76B547FC1E5D67B800847D6C /* TRZXBusinessPlan */ = {
			isa = PBXGroup;
			children = (
				76B548001E5D67B800847D6C /* AppDelegate.h */,
				76B548011E5D67B800847D6C /* AppDelegate.m */,
				76B548031E5D67B800847D6C /* ViewController.h */,
				76B548041E5D67B800847D6C /* ViewController.m */,
				76B548301E5D68EF00847D6C /* TRZXBusinessPlan */,
				76B548091E5D67B800847D6C /* Assets.xcassets */,
				76B5480B1E5D67B800847D6C /* LaunchScreen.storyboard */,
				76B5480E1E5D67B800847D6C /* Info.plist */,
				76B547FD1E5D67B800847D6C /* Supporting Files */,
			);
			path = TRZXBusinessPlan;
			sourceTree = "<group>";
		};
		76B547FD1E5D67B800847D6C /* Supporting Files */ = {
			isa = PBXGroup;
			children = (
				76B547FE1E5D67B800847D6C /* main.m */,
			);
			name = "Supporting Files";
			sourceTree = "<group>";
		};
		76B548161E5D67B800847D6C /* TRZXBusinessPlanTests */ = {
			isa = PBXGroup;
			children = (
				76B548171E5D67B800847D6C /* TRZXBusinessPlanTests.m */,
				76B548191E5D67B800847D6C /* Info.plist */,
			);
			path = TRZXBusinessPlanTests;
			sourceTree = "<group>";
		};
		76B548211E5D67B800847D6C /* TRZXBusinessPlanUITests */ = {
			isa = PBXGroup;
			children = (
				76B548221E5D67B800847D6C /* TRZXBusinessPlanUITests.m */,
				76B548241E5D67B800847D6C /* Info.plist */,
			);
			path = TRZXBusinessPlanUITests;
			sourceTree = "<group>";
		};
		76B548301E5D68EF00847D6C /* TRZXBusinessPlan */ = {
			isa = PBXGroup;
			children = (
				76B5499C1E5E7D4600847D6C /* AJPhotoPicker */,
				76B548311E5D68EF00847D6C /* Controller */,
				76B548321E5D68EF00847D6C /* Model */,
				76B548331E5D68EF00847D6C /* Other */,
				76B548341E5D68EF00847D6C /* Resources */,
				76B548351E5D68EF00847D6C /* View */,
			);
			path = TRZXBusinessPlan;
			sourceTree = "<group>";
		};
		76B548311E5D68EF00847D6C /* Controller */ = {
			isa = PBXGroup;
			children = (
				76B548361E5D692500847D6C /* KipoMyBusinessPlanViewController.h */,
				76B548371E5D692500847D6C /* KipoMyBusinessPlanViewController.m */,
				76B548C71E5D818600847D6C /* ProjectManagementViewController.h */,
				76B548C81E5D818600847D6C /* ProjectManagementViewController.m */,
				76B549701E5E7AAA00847D6C /* MarketAnalysisViewController.h */,
				76B549711E5E7AAA00847D6C /* MarketAnalysisViewController.m */,
				76B549731E5E7C1300847D6C /* BusinessSimulationViewController.h */,
				76B549741E5E7C1300847D6C /* BusinessSimulationViewController.m */,
				76B549EB1E5E892F00847D6C /* ProjectProgressViewController.h */,
				76B549EC1E5E892F00847D6C /* ProjectProgressViewController.m */,
				76B549EE1E5E894100847D6C /* BPProShowViewController.h */,
				76B549EF1E5E894100847D6C /* BPProShowViewController.m */,
				76B549FB1E5E8A3300847D6C /* BPAddNewThinkViewController.h */,
				76B549FC1E5E8A3300847D6C /* BPAddNewThinkViewController.m */,
				76B549CA1E5E85B000847D6C /* CoreTeamViewController.h */,
				76B549CB1E5E85B000847D6C /* CoreTeamViewController.m */,
				76B549CE1E5E861800847D6C /* BSAddNewTeamViewController.h */,
				76B549CF1E5E861800847D6C /* BSAddNewTeamViewController.m */,
				76B549C21E5E841300847D6C /* FinancialPlansViewController.h */,
				76B549C31E5E841300847D6C /* FinancialPlansViewController.m */,
				76B549E01E5E87F200847D6C /* MyBussinessFinalViewController.h */,
				76B549E11E5E87F200847D6C /* MyBussinessFinalViewController.m */,
			);
			path = Controller;
			sourceTree = "<group>";
		};
		76B548321E5D68EF00847D6C /* Model */ = {
			isa = PBXGroup;
			children = (
				76B549C51E5E851700847D6C /* BPCityMode.h */,
				76B549C61E5E851700847D6C /* BPCityMode.m */,
				76B548731E5D6CD600847D6C /* BPNewMyProjectModel.h */,
				76B548741E5D6CD600847D6C /* BPNewMyProjectModel.m */,
				76B548581E5D6CA800847D6C /* BPLableMonle.h */,
				76B548591E5D6CA800847D6C /* BPLableMonle.m */,
				76B5485A1E5D6CA800847D6C /* NewBPBusinessModel.h */,
				76B5485B1E5D6CA800847D6C /* NewBPBusinessModel.m */,
				76B5485C1E5D6CA800847D6C /* NewBPCoreTeamModel.h */,
				76B5485D1E5D6CA800847D6C /* NewBPCoreTeamModel.m */,
				76B5485E1E5D6CA800847D6C /* NewBPMarketAnalysisModel.h */,
				76B5485F1E5D6CA800847D6C /* NewBPMarketAnalysisModel.m */,
				76B548601E5D6CA800847D6C /* NewBPMoneyPlanModel.h */,
				76B548611E5D6CA800847D6C /* NewBPMoneyPlanModel.m */,
				76B548621E5D6CA800847D6C /* NewBPProjectAbsModel.h */,
				76B548631E5D6CA800847D6C /* NewBPProjectAbsModel.m */,
				76B548641E5D6CA800847D6C /* NewBPProjectProgressModel.h */,
				76B548651E5D6CA800847D6C /* NewBPProjectProgressModel.m */,
				76B548661E5D6CA800847D6C /* NewBPTeamMemberModel.h */,
				76B548671E5D6CA800847D6C /* NewBPTeamMemberModel.m */,
				76B548681E5D6CA800847D6C /* NewMyBPTeamMerberModel.h */,
				76B548691E5D6CA800847D6C /* NewMyBPTeamMerberModel.m */,
			);
			path = Model;
			sourceTree = "<group>";
		};
		76B548331E5D68EF00847D6C /* Other */ = {
			isa = PBXGroup;
			children = (
				76B548571E5D6C0C00847D6C /* TRZXBusinessPlanHeader.h */,
				76B548CF1E5D836100847D6C /* BPTagCollectionLayout.h */,
				76B548D01E5D836100847D6C /* BPTagCollectionLayout.h.m */,
				76B548391E5D699600847D6C /* KipoMyBusinessPlanViewModel.h */,
				76B5483A1E5D699600847D6C /* KipoMyBusinessPlanViewModel.m */,
				76B548BC1E5D6DDC00847D6C /* BusinessMemoryCacheTool.h */,
				76B548BD1E5D6DDC00847D6C /* BusinessMemoryCacheTool.m */,
				76B548BF1E5D710600847D6C /* UIView+BPFrame.h */,
				76B548C01E5D710600847D6C /* UIView+BPFrame.m */,
				76B548C21E5D745600847D6C /* BPBaseViewController.h */,
				76B548C31E5D745600847D6C /* BPBaseViewController.m */,
				76B549E81E5E88A400847D6C /* UIView+BPAlertViewProject.h */,
				76B549E91E5E88A400847D6C /* UIView+BPAlertViewProject.m */,
			);
			path = Other;
			sourceTree = "<group>";
		};
		76B548341E5D68EF00847D6C /* Resources */ = {
			isa = PBXGroup;
			children = (
				76B548C51E5D773200847D6C /* business_back.png */,
				76B54A031E5E931E00847D6C /* bp_addPhoto@2x.png */,
				76B54A041E5E931E00847D6C /* bp_arrow.png */,
				76B54A051E5E931E00847D6C /* bp_redpoint.png */,
			);
			path = Resources;
			sourceTree = "<group>";
		};
		76B548351E5D68EF00847D6C /* View */ = {
			isa = PBXGroup;
			children = (
				76B548761E5D6D5800847D6C /* 核心团队 */,
				76B5487D1E5D6D5800847D6C /* 融资计划 */,
				76B548841E5D6D5800847D6C /* 项目概述 */,
				76B5488E1E5D6D5800847D6C /* 项目进展 */,
				76B548941E5D6D5800847D6C /* BPBussinessFlowFlagTableViewCell.h */,
				76B548951E5D6D5800847D6C /* BPBussinessFlowFlagTableViewCell.m */,
				76B548961E5D6D5800847D6C /* BPBussinessFlowFlagTableViewCell.xib */,
				76B548971E5D6D5800847D6C /* BPPhotoShowMsgTableViewCell.h */,
				76B548981E5D6D5800847D6C /* BPPhotoShowMsgTableViewCell.m */,
				76B548991E5D6D5800847D6C /* BPPhotoShowMsgTableViewCell.xib */,
				76B5489A1E5D6D5800847D6C /* BussinessPlanStatusTableViewCell.h */,
				76B5489B1E5D6D5800847D6C /* BussinessPlanStatusTableViewCell.m */,
				76B5489C1E5D6D5800847D6C /* BussinessPlanStatusTableViewCell.xib */,
				76B5489D1E5D6D5800847D6C /* MyBusinessFooterView.h */,
				76B5489E1E5D6D5800847D6C /* MyBusinessFooterView.m */,
				76B5489F1E5D6D5800847D6C /* MyBusinessListTableViewCell.h */,
				76B548A01E5D6D5800847D6C /* MyBusinessListTableViewCell.m */,
				76B548A11E5D6D5800847D6C /* MyBusinessListTableViewCell.xib */,
				76B548CA1E5D821D00847D6C /* BPProjectMsgCell.h */,
				76B548CB1E5D821D00847D6C /* BPProjectMsgCell.m */,
				76B548CD1E5D826100847D6C /* BPProjectMsgCell.xib */,
				76B549D11E5E865700847D6C /* BPAddMemberCell2.h */,
				76B549D21E5E865700847D6C /* BPAddMemberCell2.m */,
				76B549D31E5E865700847D6C /* BPAddMemberCell2.xib */,
				76B549D61E5E867A00847D6C /* BPButtonTableViewCell.h */,
				76B549D71E5E867A00847D6C /* BPButtonTableViewCell.m */,
				76B549D81E5E867A00847D6C /* BPButtonTableViewCell.xib */,
				76B549E31E5E883F00847D6C /* BPProjectAlertView.h */,
				76B549E41E5E883F00847D6C /* BPProjectAlertView.m */,
				76B549E51E5E883F00847D6C /* BPProjectAlertView.xib */,
				76B549F11E5E89FD00847D6C /* BPProjectDynamicCell1.h */,
				76B549F21E5E89FD00847D6C /* BPProjectDynamicCell1.m */,
				76B549F31E5E89FD00847D6C /* BPProjectDynamicCell1.xib */,
				76B549F61E5E8A1200847D6C /* BPProjectDynamicCell2.h */,
				76B549F71E5E8A1200847D6C /* BPProjectDynamicCell2.m */,
				76B549F81E5E8A1200847D6C /* BPProjectDynamicCell2.xib */,
				76B549FE1E5E8A9800847D6C /* BPProjectMsgCell2.h */,
				76B549FF1E5E8A9800847D6C /* BPProjectMsgCell2.m */,
				76B54A001E5E8A9800847D6C /* BPProjectMsgCell2.xib */,
			);
			path = View;
			sourceTree = "<group>";
		};
		76B548761E5D6D5800847D6C /* 核心团队 */ = {
			isa = PBXGroup;
			children = (
				76B548771E5D6D5800847D6C /* BPCoreTeamMessageCellTableViewCell.h */,
				76B548781E5D6D5800847D6C /* BPCoreTeamMessageCellTableViewCell.m */,
				76B548791E5D6D5800847D6C /* BPCoreTeamMessageCellTableViewCell.xib */,
				76B5487A1E5D6D5800847D6C /* CTTeamTableViewCell.h */,
				76B5487B1E5D6D5800847D6C /* CTTeamTableViewCell.m */,
				76B5487C1E5D6D5800847D6C /* CTTeamTableViewCell.xib */,
			);
			path = "核心团队";
			sourceTree = "<group>";
		};
		76B5487D1E5D6D5800847D6C /* 融资计划 */ = {
			isa = PBXGroup;
			children = (
				76B5487E1E5D6D5800847D6C /* FinancingSourceTableViewCell.h */,
				76B5487F1E5D6D5800847D6C /* FinancingSourceTableViewCell.m */,
				76B548801E5D6D5800847D6C /* FinancingSourceTableViewCell.xib */,
				76B548811E5D6D5800847D6C /* FinancingSourceTwoTableViewCell.h */,
				76B548821E5D6D5800847D6C /* FinancingSourceTwoTableViewCell.m */,
				76B548831E5D6D5800847D6C /* FinancingSourceTwoTableViewCell.xib */,
			);
			path = "融资计划";
			sourceTree = "<group>";
		};
		76B548841E5D6D5800847D6C /* 项目概述 */ = {
			isa = PBXGroup;
			children = (
				76B548851E5D6D5800847D6C /* BPProjectCommentTableViewCell.h */,
				76B548861E5D6D5800847D6C /* BPProjectCommentTableViewCell.m */,
				76B548871E5D6D5800847D6C /* BPProjectCommentTableViewCell.xib */,
				76B548881E5D6D5800847D6C /* BPSelectInfoTableViewCell.h */,
				76B548891E5D6D5800847D6C /* BPSelectInfoTableViewCell.m */,
				76B5488A1E5D6D5800847D6C /* BPSelectInfoTableViewCell.xib */,
				76B5488B1E5D6D5800847D6C /* BPTradeInfoCollectionViewCell.h */,
				76B5488C1E5D6D5800847D6C /* BPTradeInfoCollectionViewCell.m */,
				76B5488D1E5D6D5800847D6C /* BPTradeInfoCollectionViewCell.xib */,
			);
			path = "项目概述";
			sourceTree = "<group>";
		};
		76B5488E1E5D6D5800847D6C /* 项目进展 */ = {
			isa = PBXGroup;
			children = (
				76B5488F1E5D6D5800847D6C /* BPProFirstTableViewCell.h */,
				76B548901E5D6D5800847D6C /* BPProFirstTableViewCell.m */,
				76B548911E5D6D5800847D6C /* BPProSecondsTableViewCell.h */,
				76B548921E5D6D5800847D6C /* BPProSecondsTableViewCell.m */,
				76B548931E5D6D5800847D6C /* BPProSecondsTableViewCell.xib */,
			);
			path = "项目进展";
			sourceTree = "<group>";
		};
		76B5499C1E5E7D4600847D6C /* AJPhotoPicker */ = {
			isa = PBXGroup;
			children = (
				76B5499D1E5E7D4600847D6C /* AJGradientView.h */,
				76B5499E1E5E7D4600847D6C /* AJGradientView.m */,
				76B5499F1E5E7D4600847D6C /* AJPhotoGroupCell.h */,
				76B549A01E5E7D4600847D6C /* AJPhotoGroupCell.m */,
				76B549A11E5E7D4600847D6C /* AJPhotoGroupView.h */,
				76B549A21E5E7D4600847D6C /* AJPhotoGroupView.m */,
				76B549A31E5E7D4600847D6C /* AJPhotoListCell.h */,
				76B549A41E5E7D4600847D6C /* AJPhotoListCell.m */,
				76B549A51E5E7D4600847D6C /* AJPhotoListCellTapView.h */,
				76B549A61E5E7D4600847D6C /* AJPhotoListCellTapView.m */,
				76B549A71E5E7D4600847D6C /* AJPhotoListView.h */,
				76B549A81E5E7D4600847D6C /* AJPhotoListView.m */,
				76B549A91E5E7D4600847D6C /* AJPhotoPickerViewController.h */,
				76B549AA1E5E7D4600847D6C /* AJPhotoPickerViewController.m */,
				76B549AB1E5E7D4600847D6C /* BoPhotoPicker.bundle */,
				76B549AC1E5E7D4600847D6C /* Vendor */,
			);
			path = AJPhotoPicker;
			sourceTree = "<group>";
		};
		76B549AC1E5E7D4600847D6C /* Vendor */ = {
			isa = PBXGroup;
			children = (
				76B549AD1E5E7D4600847D6C /* AJPhotoBrowser */,
			);
			path = Vendor;
			sourceTree = "<group>";
		};
		76B549AD1E5E7D4600847D6C /* AJPhotoBrowser */ = {
			isa = PBXGroup;
			children = (
				76B549AE1E5E7D4600847D6C /* AJPhotoBrowserViewController.h */,
				76B549AF1E5E7D4600847D6C /* AJPhotoBrowserViewController.m */,
				76B549B01E5E7D4600847D6C /* AJPhotoTapDetectingImageView.h */,
				76B549B11E5E7D4600847D6C /* AJPhotoTapDetectingImageView.m */,
				76B549B21E5E7D4600847D6C /* AJPhotoZoomingScrollView.h */,
				76B549B31E5E7D4600847D6C /* AJPhotoZoomingScrollView.m */,
				76B549B41E5E7D4600847D6C /* AJTapDetectingView.h */,
				76B549B51E5E7D4600847D6C /* AJTapDetectingView.m */,
			);
			path = AJPhotoBrowser;
			sourceTree = "<group>";
		};
		B9ACF84C8D13B5C889FE635E /* Pods */ = {
			isa = PBXGroup;
			children = (
				D85FE3CB0A5E99B521841B97 /* Pods-TRZXBusinessPlan.debug.xcconfig */,
				DDC66978D1AA7696D98176E5 /* Pods-TRZXBusinessPlan.release.xcconfig */,
				FC1F3E7396BD4203FFEB276D /* Pods-TRZXBusinessPlanTests.debug.xcconfig */,
				B9A06B39E3BA7F87553FE56B /* Pods-TRZXBusinessPlanTests.release.xcconfig */,
				756C9A9CF31858821D2F9359 /* Pods-TRZXBusinessPlanUITests.debug.xcconfig */,
				D7B2D223D265ABA9439D21DD /* Pods-TRZXBusinessPlanUITests.release.xcconfig */,
			);
			name = Pods;
			sourceTree = "<group>";
		};
/* End PBXGroup section */

/* Begin PBXNativeTarget section */
		76B547F91E5D67B800847D6C /* TRZXBusinessPlan */ = {
			isa = PBXNativeTarget;
			buildConfigurationList = 76B548271E5D67B800847D6C /* Build configuration list for PBXNativeTarget "TRZXBusinessPlan" */;
			buildPhases = (
				90D5154E413769FAE5BBB406 /* [CP] Check Pods Manifest.lock */,
				76B547F61E5D67B800847D6C /* Sources */,
				76B547F71E5D67B800847D6C /* Frameworks */,
				76B547F81E5D67B800847D6C /* Resources */,
				DB1D162E185651DB1611AC69 /* [CP] Embed Pods Frameworks */,
				F9F56D0159497C053EE02A75 /* [CP] Copy Pods Resources */,
			);
			buildRules = (
			);
			dependencies = (
			);
			name = TRZXBusinessPlan;
			productName = TRZXBusinessPlan;
			productReference = 76B547FA1E5D67B800847D6C /* TRZXBusinessPlan.app */;
			productType = "com.apple.product-type.application";
		};
		76B548121E5D67B800847D6C /* TRZXBusinessPlanTests */ = {
			isa = PBXNativeTarget;
			buildConfigurationList = 76B5482A1E5D67B800847D6C /* Build configuration list for PBXNativeTarget "TRZXBusinessPlanTests" */;
			buildPhases = (
				3A18F91DA212EA9A906F6BE3 /* [CP] Check Pods Manifest.lock */,
				76B5480F1E5D67B800847D6C /* Sources */,
				76B548101E5D67B800847D6C /* Frameworks */,
				76B548111E5D67B800847D6C /* Resources */,
				9146FD146D17DF16B90CD19F /* [CP] Embed Pods Frameworks */,
				0FA65D42AC0B527D47816317 /* [CP] Copy Pods Resources */,
			);
			buildRules = (
			);
			dependencies = (
				76B548151E5D67B800847D6C /* PBXTargetDependency */,
			);
			name = TRZXBusinessPlanTests;
			productName = TRZXBusinessPlanTests;
			productReference = 76B548131E5D67B800847D6C /* TRZXBusinessPlanTests.xctest */;
			productType = "com.apple.product-type.bundle.unit-test";
		};
		76B5481D1E5D67B800847D6C /* TRZXBusinessPlanUITests */ = {
			isa = PBXNativeTarget;
			buildConfigurationList = 76B5482D1E5D67B800847D6C /* Build configuration list for PBXNativeTarget "TRZXBusinessPlanUITests" */;
			buildPhases = (
				35481402D40D56BAB7742C63 /* [CP] Check Pods Manifest.lock */,
				76B5481A1E5D67B800847D6C /* Sources */,
				76B5481B1E5D67B800847D6C /* Frameworks */,
				76B5481C1E5D67B800847D6C /* Resources */,
				F17917C33EED62D711D7FDF7 /* [CP] Embed Pods Frameworks */,
				CB090555794E66D54A9D35CB /* [CP] Copy Pods Resources */,
			);
			buildRules = (
			);
			dependencies = (
				76B548201E5D67B800847D6C /* PBXTargetDependency */,
			);
			name = TRZXBusinessPlanUITests;
			productName = TRZXBusinessPlanUITests;
			productReference = 76B5481E1E5D67B800847D6C /* TRZXBusinessPlanUITests.xctest */;
			productType = "com.apple.product-type.bundle.ui-testing";
		};
/* End PBXNativeTarget section */

/* Begin PBXProject section */
		76B547F21E5D67B800847D6C /* Project object */ = {
			isa = PBXProject;
			attributes = {
				LastUpgradeCheck = 0820;
				ORGANIZATIONNAME = Rhino;
				TargetAttributes = {
					76B547F91E5D67B800847D6C = {
						CreatedOnToolsVersion = 8.2.1;
						ProvisioningStyle = Automatic;
					};
					76B548121E5D67B800847D6C = {
						CreatedOnToolsVersion = 8.2.1;
						ProvisioningStyle = Automatic;
						TestTargetID = 76B547F91E5D67B800847D6C;
					};
					76B5481D1E5D67B800847D6C = {
						CreatedOnToolsVersion = 8.2.1;
						ProvisioningStyle = Automatic;
						TestTargetID = 76B547F91E5D67B800847D6C;
					};
				};
			};
			buildConfigurationList = 76B547F51E5D67B800847D6C /* Build configuration list for PBXProject "TRZXBusinessPlan" */;
			compatibilityVersion = "Xcode 3.2";
			developmentRegion = English;
			hasScannedForEncodings = 0;
			knownRegions = (
				en,
				Base,
			);
			mainGroup = 76B547F11E5D67B800847D6C;
			productRefGroup = 76B547FB1E5D67B800847D6C /* Products */;
			projectDirPath = "";
			projectRoot = "";
			targets = (
				76B547F91E5D67B800847D6C /* TRZXBusinessPlan */,
				76B548121E5D67B800847D6C /* TRZXBusinessPlanTests */,
				76B5481D1E5D67B800847D6C /* TRZXBusinessPlanUITests */,
			);
		};
/* End PBXProject section */

/* Begin PBXResourcesBuildPhase section */
		76B547F81E5D67B800847D6C /* Resources */ = {
			isa = PBXResourcesBuildPhase;
			buildActionMask = 2147483647;
			files = (
				76B548CE1E5D826100847D6C /* BPProjectMsgCell.xib in Resources */,
				76B548C61E5D773200847D6C /* business_back.png in Resources */,
				76B548B81E5D6D5800847D6C /* BussinessPlanStatusTableViewCell.xib in Resources */,
				76B548B61E5D6D5800847D6C /* BPPhotoShowMsgTableViewCell.xib in Resources */,
				76B54A021E5E8A9800847D6C /* BPProjectMsgCell2.xib in Resources */,
				76B548A51E5D6D5800847D6C /* CTTeamTableViewCell.xib in Resources */,
				76B5480D1E5D67B800847D6C /* LaunchScreen.storyboard in Resources */,
				76B548A31E5D6D5800847D6C /* BPCoreTeamMessageCellTableViewCell.xib in Resources */,
				76B549F51E5E89FD00847D6C /* BPProjectDynamicCell1.xib in Resources */,
				76B549FA1E5E8A1200847D6C /* BPProjectDynamicCell2.xib in Resources */,
				76B548BB1E5D6D5800847D6C /* MyBusinessListTableViewCell.xib in Resources */,
				76B548B41E5D6D5800847D6C /* BPBussinessFlowFlagTableViewCell.xib in Resources */,
				76B548AB1E5D6D5800847D6C /* BPProjectCommentTableViewCell.xib in Resources */,
				76B5480A1E5D67B800847D6C /* Assets.xcassets in Resources */,
				76B54A061E5E931E00847D6C /* bp_addPhoto@2x.png in Resources */,
				76B548B21E5D6D5800847D6C /* BPProSecondsTableViewCell.xib in Resources */,
				76B549BD1E5E7D4600847D6C /* BoPhotoPicker.bundle in Resources */,
				76B549DA1E5E867A00847D6C /* BPButtonTableViewCell.xib in Resources */,
				76B54A071E5E931E00847D6C /* bp_arrow.png in Resources */,
				76B54A081E5E931E00847D6C /* bp_redpoint.png in Resources */,
				76B549E71E5E883F00847D6C /* BPProjectAlertView.xib in Resources */,
				76B548AD1E5D6D5800847D6C /* BPSelectInfoTableViewCell.xib in Resources */,
				76B549D51E5E865700847D6C /* BPAddMemberCell2.xib in Resources */,
				76B548A71E5D6D5800847D6C /* FinancingSourceTableViewCell.xib in Resources */,
				76B548A91E5D6D5800847D6C /* FinancingSourceTwoTableViewCell.xib in Resources */,
				76B548AF1E5D6D5800847D6C /* BPTradeInfoCollectionViewCell.xib in Resources */,
			);
			runOnlyForDeploymentPostprocessing = 0;
		};
		76B548111E5D67B800847D6C /* Resources */ = {
			isa = PBXResourcesBuildPhase;
			buildActionMask = 2147483647;
			files = (
			);
			runOnlyForDeploymentPostprocessing = 0;
		};
		76B5481C1E5D67B800847D6C /* Resources */ = {
			isa = PBXResourcesBuildPhase;
			buildActionMask = 2147483647;
			files = (
			);
			runOnlyForDeploymentPostprocessing = 0;
		};
/* End PBXResourcesBuildPhase section */

/* Begin PBXShellScriptBuildPhase section */
		0FA65D42AC0B527D47816317 /* [CP] Copy Pods Resources */ = {
			isa = PBXShellScriptBuildPhase;
			buildActionMask = 2147483647;
			files = (
			);
			inputPaths = (
			);
			name = "[CP] Copy Pods Resources";
			outputPaths = (
			);
			runOnlyForDeploymentPostprocessing = 0;
			shellPath = /bin/sh;
			shellScript = "\"${SRCROOT}/Pods/Target Support Files/Pods-TRZXBusinessPlanTests/Pods-TRZXBusinessPlanTests-resources.sh\"\n";
			showEnvVarsInLog = 0;
		};
		35481402D40D56BAB7742C63 /* [CP] Check Pods Manifest.lock */ = {
			isa = PBXShellScriptBuildPhase;
			buildActionMask = 2147483647;
			files = (
			);
			inputPaths = (
			);
			name = "[CP] Check Pods Manifest.lock";
			outputPaths = (
			);
			runOnlyForDeploymentPostprocessing = 0;
			shellPath = /bin/sh;
			shellScript = "diff \"${PODS_ROOT}/../Podfile.lock\" \"${PODS_ROOT}/Manifest.lock\" > /dev/null\nif [ $? != 0 ] ; then\n    # print error to STDERR\n    echo \"error: The sandbox is not in sync with the Podfile.lock. Run 'pod install' or update your CocoaPods installation.\" >&2\n    exit 1\nfi\n";
			showEnvVarsInLog = 0;
		};
		3A18F91DA212EA9A906F6BE3 /* [CP] Check Pods Manifest.lock */ = {
			isa = PBXShellScriptBuildPhase;
			buildActionMask = 2147483647;
			files = (
			);
			inputPaths = (
			);
			name = "[CP] Check Pods Manifest.lock";
			outputPaths = (
			);
			runOnlyForDeploymentPostprocessing = 0;
			shellPath = /bin/sh;
			shellScript = "diff \"${PODS_ROOT}/../Podfile.lock\" \"${PODS_ROOT}/Manifest.lock\" > /dev/null\nif [ $? != 0 ] ; then\n    # print error to STDERR\n    echo \"error: The sandbox is not in sync with the Podfile.lock. Run 'pod install' or update your CocoaPods installation.\" >&2\n    exit 1\nfi\n";
			showEnvVarsInLog = 0;
		};
		90D5154E413769FAE5BBB406 /* [CP] Check Pods Manifest.lock */ = {
			isa = PBXShellScriptBuildPhase;
			buildActionMask = 2147483647;
			files = (
			);
			inputPaths = (
			);
			name = "[CP] Check Pods Manifest.lock";
			outputPaths = (
			);
			runOnlyForDeploymentPostprocessing = 0;
			shellPath = /bin/sh;
			shellScript = "diff \"${PODS_ROOT}/../Podfile.lock\" \"${PODS_ROOT}/Manifest.lock\" > /dev/null\nif [ $? != 0 ] ; then\n    # print error to STDERR\n    echo \"error: The sandbox is not in sync with the Podfile.lock. Run 'pod install' or update your CocoaPods installation.\" >&2\n    exit 1\nfi\n";
			showEnvVarsInLog = 0;
		};
		9146FD146D17DF16B90CD19F /* [CP] Embed Pods Frameworks */ = {
			isa = PBXShellScriptBuildPhase;
			buildActionMask = 2147483647;
			files = (
			);
			inputPaths = (
			);
			name = "[CP] Embed Pods Frameworks";
			outputPaths = (
			);
			runOnlyForDeploymentPostprocessing = 0;
			shellPath = /bin/sh;
			shellScript = "\"${SRCROOT}/Pods/Target Support Files/Pods-TRZXBusinessPlanTests/Pods-TRZXBusinessPlanTests-frameworks.sh\"\n";
			showEnvVarsInLog = 0;
		};
		CB090555794E66D54A9D35CB /* [CP] Copy Pods Resources */ = {
			isa = PBXShellScriptBuildPhase;
			buildActionMask = 2147483647;
			files = (
			);
			inputPaths = (
			);
			name = "[CP] Copy Pods Resources";
			outputPaths = (
			);
			runOnlyForDeploymentPostprocessing = 0;
			shellPath = /bin/sh;
			shellScript = "\"${SRCROOT}/Pods/Target Support Files/Pods-TRZXBusinessPlanUITests/Pods-TRZXBusinessPlanUITests-resources.sh\"\n";
			showEnvVarsInLog = 0;
		};
		DB1D162E185651DB1611AC69 /* [CP] Embed Pods Frameworks */ = {
			isa = PBXShellScriptBuildPhase;
			buildActionMask = 2147483647;
			files = (
			);
			inputPaths = (
			);
			name = "[CP] Embed Pods Frameworks";
			outputPaths = (
			);
			runOnlyForDeploymentPostprocessing = 0;
			shellPath = /bin/sh;
			shellScript = "\"${SRCROOT}/Pods/Target Support Files/Pods-TRZXBusinessPlan/Pods-TRZXBusinessPlan-frameworks.sh\"\n";
			showEnvVarsInLog = 0;
		};
		F17917C33EED62D711D7FDF7 /* [CP] Embed Pods Frameworks */ = {
			isa = PBXShellScriptBuildPhase;
			buildActionMask = 2147483647;
			files = (
			);
			inputPaths = (
			);
			name = "[CP] Embed Pods Frameworks";
			outputPaths = (
			);
			runOnlyForDeploymentPostprocessing = 0;
			shellPath = /bin/sh;
			shellScript = "\"${SRCROOT}/Pods/Target Support Files/Pods-TRZXBusinessPlanUITests/Pods-TRZXBusinessPlanUITests-frameworks.sh\"\n";
			showEnvVarsInLog = 0;
		};
		F9F56D0159497C053EE02A75 /* [CP] Copy Pods Resources */ = {
			isa = PBXShellScriptBuildPhase;
			buildActionMask = 2147483647;
			files = (
			);
			inputPaths = (
			);
			name = "[CP] Copy Pods Resources";
			outputPaths = (
			);
			runOnlyForDeploymentPostprocessing = 0;
			shellPath = /bin/sh;
			shellScript = "\"${SRCROOT}/Pods/Target Support Files/Pods-TRZXBusinessPlan/Pods-TRZXBusinessPlan-resources.sh\"\n";
			showEnvVarsInLog = 0;
		};
/* End PBXShellScriptBuildPhase section */

/* Begin PBXSourcesBuildPhase section */
		76B547F61E5D67B800847D6C /* Sources */ = {
			isa = PBXSourcesBuildPhase;
			buildActionMask = 2147483647;
			files = (
				76B548381E5D692500847D6C /* KipoMyBusinessPlanViewController.m in Sources */,
				76B5483B1E5D699600847D6C /* KipoMyBusinessPlanViewModel.m in Sources */,
				76B548A61E5D6D5800847D6C /* FinancingSourceTableViewCell.m in Sources */,
				76B548D11E5D836100847D6C /* BPTagCollectionLayout.h.m in Sources */,
				76B5486B1E5D6CA800847D6C /* NewBPBusinessModel.m in Sources */,
				76B549B61E5E7D4600847D6C /* AJGradientView.m in Sources */,
				76B549BC1E5E7D4600847D6C /* AJPhotoPickerViewController.m in Sources */,
				76B5486D1E5D6CA800847D6C /* NewBPMarketAnalysisModel.m in Sources */,
				76B548B01E5D6D5800847D6C /* BPProFirstTableViewCell.m in Sources */,
				76B548B71E5D6D5800847D6C /* BussinessPlanStatusTableViewCell.m in Sources */,
				76B549F41E5E89FD00847D6C /* BPProjectDynamicCell1.m in Sources */,
				76B549BF1E5E7D4600847D6C /* AJPhotoTapDetectingImageView.m in Sources */,
				76B549FD1E5E8A3300847D6C /* BPAddNewThinkViewController.m in Sources */,
				76B5486E1E5D6CA800847D6C /* NewBPMoneyPlanModel.m in Sources */,
				76B548751E5D6CD600847D6C /* BPNewMyProjectModel.m in Sources */,
				76B549D01E5E861800847D6C /* BSAddNewTeamViewController.m in Sources */,
				76B549B91E5E7D4600847D6C /* AJPhotoListCell.m in Sources */,
				76B548A81E5D6D5800847D6C /* FinancingSourceTwoTableViewCell.m in Sources */,
				76B5486A1E5D6CA800847D6C /* BPLableMonle.m in Sources */,
				76B549BE1E5E7D4600847D6C /* AJPhotoBrowserViewController.m in Sources */,
				76B549EA1E5E88A400847D6C /* UIView+BPAlertViewProject.m in Sources */,
				76B549E21E5E87F200847D6C /* MyBussinessFinalViewController.m in Sources */,
				76B549C11E5E7D4600847D6C /* AJTapDetectingView.m in Sources */,
				76B548A41E5D6D5800847D6C /* CTTeamTableViewCell.m in Sources */,
				76B549ED1E5E892F00847D6C /* ProjectProgressViewController.m in Sources */,
				76B548B31E5D6D5800847D6C /* BPBussinessFlowFlagTableViewCell.m in Sources */,
				76B5486C1E5D6CA800847D6C /* NewBPCoreTeamModel.m in Sources */,
				76B54A011E5E8A9800847D6C /* BPProjectMsgCell2.m in Sources */,
				76B549C41E5E841300847D6C /* FinancialPlansViewController.m in Sources */,
				76B549F01E5E894100847D6C /* BPProShowViewController.m in Sources */,
				76B548C11E5D710600847D6C /* UIView+BPFrame.m in Sources */,
				76B5486F1E5D6CA800847D6C /* NewBPProjectAbsModel.m in Sources */,
				76B548C91E5D818600847D6C /* ProjectManagementViewController.m in Sources */,
				76B548A21E5D6D5800847D6C /* BPCoreTeamMessageCellTableViewCell.m in Sources */,
				76B549CD1E5E85B000847D6C /* CoreTeamViewController.m in Sources */,
				76B549F91E5E8A1200847D6C /* BPProjectDynamicCell2.m in Sources */,
				76B548721E5D6CA800847D6C /* NewMyBPTeamMerberModel.m in Sources */,
				76B549C71E5E851700847D6C /* BPCityMode.m in Sources */,
				76B548AC1E5D6D5800847D6C /* BPSelectInfoTableViewCell.m in Sources */,
				76B548051E5D67B800847D6C /* ViewController.m in Sources */,
				76B548021E5D67B800847D6C /* AppDelegate.m in Sources */,
				76B547FF1E5D67B800847D6C /* main.m in Sources */,
				76B549721E5E7AAA00847D6C /* MarketAnalysisViewController.m in Sources */,
				76B549B71E5E7D4600847D6C /* AJPhotoGroupCell.m in Sources */,
				76B549C01E5E7D4600847D6C /* AJPhotoZoomingScrollView.m in Sources */,
				76B548B91E5D6D5800847D6C /* MyBusinessFooterView.m in Sources */,
				76B548B11E5D6D5800847D6C /* BPProSecondsTableViewCell.m in Sources */,
				76B549BB1E5E7D4600847D6C /* AJPhotoListView.m in Sources */,
				76B549BA1E5E7D4600847D6C /* AJPhotoListCellTapView.m in Sources */,
				76B549D91E5E867A00847D6C /* BPButtonTableViewCell.m in Sources */,
				76B548CC1E5D821D00847D6C /* BPProjectMsgCell.m in Sources */,
				76B548B51E5D6D5800847D6C /* BPPhotoShowMsgTableViewCell.m in Sources */,
				76B549751E5E7C1300847D6C /* BusinessSimulationViewController.m in Sources */,
				76B548AA1E5D6D5800847D6C /* BPProjectCommentTableViewCell.m in Sources */,
				76B548701E5D6CA800847D6C /* NewBPProjectProgressModel.m in Sources */,
				76B549B81E5E7D4600847D6C /* AJPhotoGroupView.m in Sources */,
				76B549E61E5E883F00847D6C /* BPProjectAlertView.m in Sources */,
				76B548711E5D6CA800847D6C /* NewBPTeamMemberModel.m in Sources */,
				76B548BE1E5D6DDC00847D6C /* BusinessMemoryCacheTool.m in Sources */,
				76B548C41E5D745600847D6C /* BPBaseViewController.m in Sources */,
				76B548AE1E5D6D5800847D6C /* BPTradeInfoCollectionViewCell.m in Sources */,
				76B548BA1E5D6D5800847D6C /* MyBusinessListTableViewCell.m in Sources */,
				76B549D41E5E865700847D6C /* BPAddMemberCell2.m in Sources */,
			);
			runOnlyForDeploymentPostprocessing = 0;
		};
		76B5480F1E5D67B800847D6C /* Sources */ = {
			isa = PBXSourcesBuildPhase;
			buildActionMask = 2147483647;
			files = (
				76B548181E5D67B800847D6C /* TRZXBusinessPlanTests.m in Sources */,
			);
			runOnlyForDeploymentPostprocessing = 0;
		};
		76B5481A1E5D67B800847D6C /* Sources */ = {
			isa = PBXSourcesBuildPhase;
			buildActionMask = 2147483647;
			files = (
				76B548231E5D67B800847D6C /* TRZXBusinessPlanUITests.m in Sources */,
			);
			runOnlyForDeploymentPostprocessing = 0;
		};
/* End PBXSourcesBuildPhase section */

/* Begin PBXTargetDependency section */
		76B548151E5D67B800847D6C /* PBXTargetDependency */ = {
			isa = PBXTargetDependency;
			target = 76B547F91E5D67B800847D6C /* TRZXBusinessPlan */;
			targetProxy = 76B548141E5D67B800847D6C /* PBXContainerItemProxy */;
		};
		76B548201E5D67B800847D6C /* PBXTargetDependency */ = {
			isa = PBXTargetDependency;
			target = 76B547F91E5D67B800847D6C /* TRZXBusinessPlan */;
			targetProxy = 76B5481F1E5D67B800847D6C /* PBXContainerItemProxy */;
		};
/* End PBXTargetDependency section */

/* Begin PBXVariantGroup section */
		76B5480B1E5D67B800847D6C /* LaunchScreen.storyboard */ = {
			isa = PBXVariantGroup;
			children = (
				76B5480C1E5D67B800847D6C /* Base */,
			);
			name = LaunchScreen.storyboard;
			sourceTree = "<group>";
		};
/* End PBXVariantGroup section */

/* Begin XCBuildConfiguration section */
		76B548251E5D67B800847D6C /* Debug */ = {
			isa = XCBuildConfiguration;
			buildSettings = {
				ALWAYS_SEARCH_USER_PATHS = NO;
				CLANG_ANALYZER_NONNULL = YES;
				CLANG_CXX_LANGUAGE_STANDARD = "gnu++0x";
				CLANG_CXX_LIBRARY = "libc++";
				CLANG_ENABLE_MODULES = YES;
				CLANG_ENABLE_OBJC_ARC = YES;
				CLANG_WARN_BOOL_CONVERSION = YES;
				CLANG_WARN_CONSTANT_CONVERSION = YES;
				CLANG_WARN_DIRECT_OBJC_ISA_USAGE = YES_ERROR;
				CLANG_WARN_DOCUMENTATION_COMMENTS = YES;
				CLANG_WARN_EMPTY_BODY = YES;
				CLANG_WARN_ENUM_CONVERSION = YES;
				CLANG_WARN_INFINITE_RECURSION = YES;
				CLANG_WARN_INT_CONVERSION = YES;
				CLANG_WARN_OBJC_ROOT_CLASS = YES_ERROR;
				CLANG_WARN_SUSPICIOUS_MOVE = YES;
				CLANG_WARN_UNREACHABLE_CODE = YES;
				CLANG_WARN__DUPLICATE_METHOD_MATCH = YES;
				"CODE_SIGN_IDENTITY[sdk=iphoneos*]" = "iPhone Developer";
				COPY_PHASE_STRIP = NO;
				DEBUG_INFORMATION_FORMAT = dwarf;
				ENABLE_STRICT_OBJC_MSGSEND = YES;
				ENABLE_TESTABILITY = YES;
				GCC_C_LANGUAGE_STANDARD = gnu99;
				GCC_DYNAMIC_NO_PIC = NO;
				GCC_NO_COMMON_BLOCKS = YES;
				GCC_OPTIMIZATION_LEVEL = 0;
				GCC_PREPROCESSOR_DEFINITIONS = (
					"DEBUG=1",
					"$(inherited)",
				);
				GCC_WARN_64_TO_32_BIT_CONVERSION = YES;
				GCC_WARN_ABOUT_RETURN_TYPE = YES_ERROR;
				GCC_WARN_UNDECLARED_SELECTOR = YES;
				GCC_WARN_UNINITIALIZED_AUTOS = YES_AGGRESSIVE;
				GCC_WARN_UNUSED_FUNCTION = YES;
				GCC_WARN_UNUSED_VARIABLE = YES;
				IPHONEOS_DEPLOYMENT_TARGET = 10.2;
				MTL_ENABLE_DEBUG_INFO = YES;
				ONLY_ACTIVE_ARCH = YES;
				SDKROOT = iphoneos;
				TARGETED_DEVICE_FAMILY = "1,2";
			};
			name = Debug;
		};
		76B548261E5D67B800847D6C /* Release */ = {
			isa = XCBuildConfiguration;
			buildSettings = {
				ALWAYS_SEARCH_USER_PATHS = NO;
				CLANG_ANALYZER_NONNULL = YES;
				CLANG_CXX_LANGUAGE_STANDARD = "gnu++0x";
				CLANG_CXX_LIBRARY = "libc++";
				CLANG_ENABLE_MODULES = YES;
				CLANG_ENABLE_OBJC_ARC = YES;
				CLANG_WARN_BOOL_CONVERSION = YES;
				CLANG_WARN_CONSTANT_CONVERSION = YES;
				CLANG_WARN_DIRECT_OBJC_ISA_USAGE = YES_ERROR;
				CLANG_WARN_DOCUMENTATION_COMMENTS = YES;
				CLANG_WARN_EMPTY_BODY = YES;
				CLANG_WARN_ENUM_CONVERSION = YES;
				CLANG_WARN_INFINITE_RECURSION = YES;
				CLANG_WARN_INT_CONVERSION = YES;
				CLANG_WARN_OBJC_ROOT_CLASS = YES_ERROR;
				CLANG_WARN_SUSPICIOUS_MOVE = YES;
				CLANG_WARN_UNREACHABLE_CODE = YES;
				CLANG_WARN__DUPLICATE_METHOD_MATCH = YES;
				"CODE_SIGN_IDENTITY[sdk=iphoneos*]" = "iPhone Developer";
				COPY_PHASE_STRIP = NO;
				DEBUG_INFORMATION_FORMAT = "dwarf-with-dsym";
				ENABLE_NS_ASSERTIONS = NO;
				ENABLE_STRICT_OBJC_MSGSEND = YES;
				GCC_C_LANGUAGE_STANDARD = gnu99;
				GCC_NO_COMMON_BLOCKS = YES;
				GCC_WARN_64_TO_32_BIT_CONVERSION = YES;
				GCC_WARN_ABOUT_RETURN_TYPE = YES_ERROR;
				GCC_WARN_UNDECLARED_SELECTOR = YES;
				GCC_WARN_UNINITIALIZED_AUTOS = YES_AGGRESSIVE;
				GCC_WARN_UNUSED_FUNCTION = YES;
				GCC_WARN_UNUSED_VARIABLE = YES;
				IPHONEOS_DEPLOYMENT_TARGET = 10.2;
				MTL_ENABLE_DEBUG_INFO = NO;
				SDKROOT = iphoneos;
				TARGETED_DEVICE_FAMILY = "1,2";
				VALIDATE_PRODUCT = YES;
			};
			name = Release;
		};
		76B548281E5D67B800847D6C /* Debug */ = {
			isa = XCBuildConfiguration;
			baseConfigurationReference = D85FE3CB0A5E99B521841B97 /* Pods-TRZXBusinessPlan.debug.xcconfig */;
			buildSettings = {
				ASSETCATALOG_COMPILER_APPICON_NAME = AppIcon;
				INFOPLIST_FILE = TRZXBusinessPlan/Info.plist;
				LD_RUNPATH_SEARCH_PATHS = "$(inherited) @executable_path/Frameworks";
				PRODUCT_BUNDLE_IDENTIFIER = com.kipo.TRZXBusinessPlan;
				PRODUCT_NAME = "$(TARGET_NAME)";
			};
			name = Debug;
		};
		76B548291E5D67B800847D6C /* Release */ = {
			isa = XCBuildConfiguration;
			baseConfigurationReference = DDC66978D1AA7696D98176E5 /* Pods-TRZXBusinessPlan.release.xcconfig */;
			buildSettings = {
				ASSETCATALOG_COMPILER_APPICON_NAME = AppIcon;
				INFOPLIST_FILE = TRZXBusinessPlan/Info.plist;
				LD_RUNPATH_SEARCH_PATHS = "$(inherited) @executable_path/Frameworks";
				PRODUCT_BUNDLE_IDENTIFIER = com.kipo.TRZXBusinessPlan;
				PRODUCT_NAME = "$(TARGET_NAME)";
			};
			name = Release;
		};
		76B5482B1E5D67B800847D6C /* Debug */ = {
			isa = XCBuildConfiguration;
			baseConfigurationReference = FC1F3E7396BD4203FFEB276D /* Pods-TRZXBusinessPlanTests.debug.xcconfig */;
			buildSettings = {
				BUNDLE_LOADER = "$(TEST_HOST)";
				INFOPLIST_FILE = TRZXBusinessPlanTests/Info.plist;
				LD_RUNPATH_SEARCH_PATHS = "$(inherited) @executable_path/Frameworks @loader_path/Frameworks";
				PRODUCT_BUNDLE_IDENTIFIER = com.kipo.TRZXBusinessPlanTests;
				PRODUCT_NAME = "$(TARGET_NAME)";
				TEST_HOST = "$(BUILT_PRODUCTS_DIR)/TRZXBusinessPlan.app/TRZXBusinessPlan";
			};
			name = Debug;
		};
		76B5482C1E5D67B800847D6C /* Release */ = {
			isa = XCBuildConfiguration;
			baseConfigurationReference = B9A06B39E3BA7F87553FE56B /* Pods-TRZXBusinessPlanTests.release.xcconfig */;
			buildSettings = {
				BUNDLE_LOADER = "$(TEST_HOST)";
				INFOPLIST_FILE = TRZXBusinessPlanTests/Info.plist;
				LD_RUNPATH_SEARCH_PATHS = "$(inherited) @executable_path/Frameworks @loader_path/Frameworks";
				PRODUCT_BUNDLE_IDENTIFIER = com.kipo.TRZXBusinessPlanTests;
				PRODUCT_NAME = "$(TARGET_NAME)";
				TEST_HOST = "$(BUILT_PRODUCTS_DIR)/TRZXBusinessPlan.app/TRZXBusinessPlan";
			};
			name = Release;
		};
		76B5482E1E5D67B800847D6C /* Debug */ = {
			isa = XCBuildConfiguration;
			baseConfigurationReference = 756C9A9CF31858821D2F9359 /* Pods-TRZXBusinessPlanUITests.debug.xcconfig */;
			buildSettings = {
				INFOPLIST_FILE = TRZXBusinessPlanUITests/Info.plist;
				LD_RUNPATH_SEARCH_PATHS = "$(inherited) @executable_path/Frameworks @loader_path/Frameworks";
				PRODUCT_BUNDLE_IDENTIFIER = com.kipo.TRZXBusinessPlanUITests;
				PRODUCT_NAME = "$(TARGET_NAME)";
				TEST_TARGET_NAME = TRZXBusinessPlan;
			};
			name = Debug;
		};
		76B5482F1E5D67B800847D6C /* Release */ = {
			isa = XCBuildConfiguration;
			baseConfigurationReference = D7B2D223D265ABA9439D21DD /* Pods-TRZXBusinessPlanUITests.release.xcconfig */;
			buildSettings = {
				INFOPLIST_FILE = TRZXBusinessPlanUITests/Info.plist;
				LD_RUNPATH_SEARCH_PATHS = "$(inherited) @executable_path/Frameworks @loader_path/Frameworks";
				PRODUCT_BUNDLE_IDENTIFIER = com.kipo.TRZXBusinessPlanUITests;
				PRODUCT_NAME = "$(TARGET_NAME)";
				TEST_TARGET_NAME = TRZXBusinessPlan;
			};
			name = Release;
		};
/* End XCBuildConfiguration section */

/* Begin XCConfigurationList section */
		76B547F51E5D67B800847D6C /* Build configuration list for PBXProject "TRZXBusinessPlan" */ = {
			isa = XCConfigurationList;
			buildConfigurations = (
				76B548251E5D67B800847D6C /* Debug */,
				76B548261E5D67B800847D6C /* Release */,
			);
			defaultConfigurationIsVisible = 0;
			defaultConfigurationName = Release;
		};
		76B548271E5D67B800847D6C /* Build configuration list for PBXNativeTarget "TRZXBusinessPlan" */ = {
			isa = XCConfigurationList;
			buildConfigurations = (
				76B548281E5D67B800847D6C /* Debug */,
				76B548291E5D67B800847D6C /* Release */,
			);
			defaultConfigurationIsVisible = 0;
			defaultConfigurationName = Release;
		};
		76B5482A1E5D67B800847D6C /* Build configuration list for PBXNativeTarget "TRZXBusinessPlanTests" */ = {
			isa = XCConfigurationList;
			buildConfigurations = (
				76B5482B1E5D67B800847D6C /* Debug */,
				76B5482C1E5D67B800847D6C /* Release */,
			);
			defaultConfigurationIsVisible = 0;
			defaultConfigurationName = Release;
		};
		76B5482D1E5D67B800847D6C /* Build configuration list for PBXNativeTarget "TRZXBusinessPlanUITests" */ = {
			isa = XCConfigurationList;
			buildConfigurations = (
				76B5482E1E5D67B800847D6C /* Debug */,
				76B5482F1E5D67B800847D6C /* Release */,
			);
			defaultConfigurationIsVisible = 0;
			defaultConfigurationName = Release;
		};
/* End XCConfigurationList section */
	};
	rootObject = 76B547F21E5D67B800847D6C /* Project object */;
}
